// !$*UTF8*$!
{
	archiveVersion = 1;
	classes = {
	};
	objectVersion = 46;
	objects = {

/* Begin PBXBuildFile section */
		3E88E3451EB1913E00C9D89A /* StatusTableViewCell.swift in Sources */ = {isa = PBXBuildFile; fileRef = 3E88E3441EB1913E00C9D89A /* StatusTableViewCell.swift */; };
		4F2C400A1E9B160B00EBC693 /* TodoList.storyboard in Resources */ = {isa = PBXBuildFile; fileRef = 4F2C40091E9B160B00EBC693 /* TodoList.storyboard */; };
		4F2C400C1E9B16E700EBC693 /* TodoListViewController.swift in Sources */ = {isa = PBXBuildFile; fileRef = 4F2C400B1E9B16E700EBC693 /* TodoListViewController.swift */; };
		4F4FB54D1E99995F003BB1B8 /* AddressValidationViewController.swift in Sources */ = {isa = PBXBuildFile; fileRef = 4F4FB54C1E99995F003BB1B8 /* AddressValidationViewController.swift */; };
		4FC8B1F51E9B1B1100109093 /* TodoItem.swift in Sources */ = {isa = PBXBuildFile; fileRef = 4FC8B1F41E9B1B1100109093 /* TodoItem.swift */; };
		4FC8B1F71E9B1E8C00109093 /* TodoAddItemViewController.swift in Sources */ = {isa = PBXBuildFile; fileRef = 4FC8B1F61E9B1E8C00109093 /* TodoAddItemViewController.swift */; };
		5B746737D24F0C7CB6868BEC /* Pods_roomy.framework in Frameworks */ = {isa = PBXBuildFile; fileRef = 37E55EEA4792D224C573647F /* Pods_roomy.framework */; };
		731E20F71EA5B0BE003F1B2E /* Bolts.framework in Frameworks */ = {isa = PBXBuildFile; fileRef = 731E20F61EA5B0BE003F1B2E /* Bolts.framework */; };
		735031272044A12B00B68F50 /* RoomyUITests.swift in Sources */ = {isa = PBXBuildFile; fileRef = 735031262044A12B00B68F50 /* RoomyUITests.swift */; };
		7350312F2044A1E000B68F50 /* SnapshotHelper.swift in Sources */ = {isa = PBXBuildFile; fileRef = 7350312E2044A1E000B68F50 /* SnapshotHelper.swift */; };
		7355325A1EA6CCE7007815A8 /* Status.storyboard in Resources */ = {isa = PBXBuildFile; fileRef = 735532591EA6CCE7007815A8 /* Status.storyboard */; };
		7355325C1EA6CD78007815A8 /* UpdateStatusViewController.swift in Sources */ = {isa = PBXBuildFile; fileRef = 7355325B1EA6CD78007815A8 /* UpdateStatusViewController.swift */; };
		7355325E1EA6CF4F007815A8 /* PopPresentingAnimationController.swift in Sources */ = {isa = PBXBuildFile; fileRef = 7355325D1EA6CF4E007815A8 /* PopPresentingAnimationController.swift */; };
		735532601EA6D10B007815A8 /* PopDismissingAnimationController.swift in Sources */ = {isa = PBXBuildFile; fileRef = 7355325F1EA6D10B007815A8 /* PopDismissingAnimationController.swift */; };
		735532631EA6E1EA007815A8 /* Settings.storyboard in Resources */ = {isa = PBXBuildFile; fileRef = 735532621EA6E1EA007815A8 /* Settings.storyboard */; };
		735532651EA6E212007815A8 /* SettingsViewController.swift in Sources */ = {isa = PBXBuildFile; fileRef = 735532641EA6E212007815A8 /* SettingsViewController.swift */; };
		736DD9A71E933430008BAA2E /* Home.storyboard in Resources */ = {isa = PBXBuildFile; fileRef = 736DD9A61E933430008BAA2E /* Home.storyboard */; };
		736DD9A91E9338AF008BAA2E /* Messaging.storyboard in Resources */ = {isa = PBXBuildFile; fileRef = 736DD9A81E9338AF008BAA2E /* Messaging.storyboard */; };
		736DD9AF1E940541008BAA2E /* HomeViewController.swift in Sources */ = {isa = PBXBuildFile; fileRef = 736DD9AE1E940541008BAA2E /* HomeViewController.swift */; };
		736DD9B11E9405E4008BAA2E /* TabBar.storyboard in Resources */ = {isa = PBXBuildFile; fileRef = 736DD9B01E9405E4008BAA2E /* TabBar.storyboard */; };
		73713BAA1E9994C000EF1923 /* Roomy.swift in Sources */ = {isa = PBXBuildFile; fileRef = 73713BA91E9994C000EF1923 /* Roomy.swift */; };
		738B75561EB682EB007ACFAD /* WelcomeRoomyViewController.swift in Sources */ = {isa = PBXBuildFile; fileRef = 738B75551EB682EB007ACFAD /* WelcomeRoomyViewController.swift */; };
		739AC4851E9B49A700CF8540 /* LocationService.swift in Sources */ = {isa = PBXBuildFile; fileRef = 739AC4841E9B49A700CF8540 /* LocationService.swift */; };
		73BF27DD1E9D51DE0080841D /* RoomyTableViewCell.swift in Sources */ = {isa = PBXBuildFile; fileRef = 73BF27DC1E9D51DE0080841D /* RoomyTableViewCell.swift */; };
		73BF27E11E9D5EA10080841D /* R.swift in Sources */ = {isa = PBXBuildFile; fileRef = 73BF27E01E9D5EA10080841D /* R.swift */; };
		73BF27E31E9D8C340080841D /* RoomyCollectionViewCell.swift in Sources */ = {isa = PBXBuildFile; fileRef = 73BF27E21E9D8C340080841D /* RoomyCollectionViewCell.swift */; };
		A513C1791E987ED000F2B5D2 /* MessagingViewController.swift in Sources */ = {isa = PBXBuildFile; fileRef = A513C1781E987ED000F2B5D2 /* MessagingViewController.swift */; };
		A513C17C1E98807600F2B5D2 /* MessageTableViewCell.swift in Sources */ = {isa = PBXBuildFile; fileRef = A513C17B1E98807600F2B5D2 /* MessageTableViewCell.swift */; };
		A513C17E1E9C7B2B00F2B5D2 /* Message.swift in Sources */ = {isa = PBXBuildFile; fileRef = A513C17D1E9C7B2B00F2B5D2 /* Message.swift */; };
		A51574FF1E7DB15B009F93F8 /* UserLoginViewController.swift in Sources */ = {isa = PBXBuildFile; fileRef = A51574FE1E7DB15B009F93F8 /* UserLoginViewController.swift */; };
		A51575011E7DB195009F93F8 /* UserSignUpViewController.swift in Sources */ = {isa = PBXBuildFile; fileRef = A51575001E7DB195009F93F8 /* UserSignUpViewController.swift */; };
		A51575031E7DB1A1009F93F8 /* HouseLoginViewController.swift in Sources */ = {isa = PBXBuildFile; fileRef = A51575021E7DB1A1009F93F8 /* HouseLoginViewController.swift */; };
		A51575051E7DB1AA009F93F8 /* HouseSignUpViewController.swift in Sources */ = {isa = PBXBuildFile; fileRef = A51575041E7DB1AA009F93F8 /* HouseSignUpViewController.swift */; };
		A51575071E7DB4AB009F93F8 /* HomeTimelineViewController.swift in Sources */ = {isa = PBXBuildFile; fileRef = A51575061E7DB4AB009F93F8 /* HomeTimelineViewController.swift */; };
		A569780B1E778E3200BC8378 /* AppDelegate.swift in Sources */ = {isa = PBXBuildFile; fileRef = A569780A1E778E3200BC8378 /* AppDelegate.swift */; };
		A56978101E778E3200BC8378 /* Main.storyboard in Resources */ = {isa = PBXBuildFile; fileRef = A569780E1E778E3200BC8378 /* Main.storyboard */; };
		A56978121E778E3200BC8378 /* Assets.xcassets in Resources */ = {isa = PBXBuildFile; fileRef = A56978111E778E3200BC8378 /* Assets.xcassets */; };
		A56978151E778E3200BC8378 /* LaunchScreen.storyboard in Resources */ = {isa = PBXBuildFile; fileRef = A56978131E778E3200BC8378 /* LaunchScreen.storyboard */; };
		A5800D651E7DE3C800FB35F4 /* House.swift in Sources */ = {isa = PBXBuildFile; fileRef = A5800D641E7DE3C800FB35F4 /* House.swift */; };
		A5BF9FB81EB6CAA100B7A179 /* MessagingNavigationItemViewController.swift in Sources */ = {isa = PBXBuildFile; fileRef = A5BF9FB71EB6CAA100B7A179 /* MessagingNavigationItemViewController.swift */; };
/* End PBXBuildFile section */

/* Begin PBXContainerItemProxy section */
		7350310620449D3800B68F50 /* PBXContainerItemProxy */ = {
			isa = PBXContainerItemProxy;
			containerPortal = A56977FF1E778E3200BC8378 /* Project object */;
			proxyType = 1;
			remoteGlobalIDString = A56978061E778E3200BC8378;
			remoteInfo = roomy;
		};
		735031292044A12B00B68F50 /* PBXContainerItemProxy */ = {
			isa = PBXContainerItemProxy;
			containerPortal = A56977FF1E778E3200BC8378 /* Project object */;
			proxyType = 1;
			remoteGlobalIDString = A56978061E778E3200BC8378;
			remoteInfo = roomy;
		};
/* End PBXContainerItemProxy section */

/* Begin PBXFileReference section */
		33F20C97F9F8B6C11B2AB8EC /* Pods-roomy.release.xcconfig */ = {isa = PBXFileReference; includeInIndex = 1; lastKnownFileType = text.xcconfig; name = "Pods-roomy.release.xcconfig"; path = "Pods/Target Support Files/Pods-roomy/Pods-roomy.release.xcconfig"; sourceTree = "<group>"; };
		37E55EEA4792D224C573647F /* Pods_roomy.framework */ = {isa = PBXFileReference; explicitFileType = wrapper.framework; includeInIndex = 0; path = Pods_roomy.framework; sourceTree = BUILT_PRODUCTS_DIR; };
		3E88E3441EB1913E00C9D89A /* StatusTableViewCell.swift */ = {isa = PBXFileReference; fileEncoding = 4; lastKnownFileType = sourcecode.swift; path = StatusTableViewCell.swift; sourceTree = "<group>"; };
		4F2C40091E9B160B00EBC693 /* TodoList.storyboard */ = {isa = PBXFileReference; fileEncoding = 4; lastKnownFileType = file.storyboard; path = TodoList.storyboard; sourceTree = "<group>"; };
		4F2C400B1E9B16E700EBC693 /* TodoListViewController.swift */ = {isa = PBXFileReference; fileEncoding = 4; lastKnownFileType = sourcecode.swift; path = TodoListViewController.swift; sourceTree = "<group>"; };
		4F4FB54C1E99995F003BB1B8 /* AddressValidationViewController.swift */ = {isa = PBXFileReference; fileEncoding = 4; lastKnownFileType = sourcecode.swift; path = AddressValidationViewController.swift; sourceTree = "<group>"; };
		4FC8B1F41E9B1B1100109093 /* TodoItem.swift */ = {isa = PBXFileReference; fileEncoding = 4; lastKnownFileType = sourcecode.swift; path = TodoItem.swift; sourceTree = "<group>"; };
		4FC8B1F61E9B1E8C00109093 /* TodoAddItemViewController.swift */ = {isa = PBXFileReference; fileEncoding = 4; lastKnownFileType = sourcecode.swift; path = TodoAddItemViewController.swift; sourceTree = "<group>"; };
		731E20F21EA5B04F003F1B2E /* FBSDKCoreKit.framework */ = {isa = PBXFileReference; lastKnownFileType = wrapper.framework; path = FBSDKCoreKit.framework; sourceTree = "<group>"; };
		731E20F41EA5B059003F1B2E /* FBSDKLoginKit.framework */ = {isa = PBXFileReference; lastKnownFileType = wrapper.framework; path = FBSDKLoginKit.framework; sourceTree = "<group>"; };
		731E20F61EA5B0BE003F1B2E /* Bolts.framework */ = {isa = PBXFileReference; lastKnownFileType = wrapper.framework; path = Bolts.framework; sourceTree = "<group>"; };
		731F5DC41E95D2F40004277E /* America.gpx */ = {isa = PBXFileReference; lastKnownFileType = text.xml; path = America.gpx; sourceTree = "<group>"; };
		731F5DC51E95D2F40004277E /* GoesHome.gpx */ = {isa = PBXFileReference; lastKnownFileType = text.xml; path = GoesHome.gpx; sourceTree = "<group>"; };
		731F5DC61E95D2F40004277E /* LeavesHome.gpx */ = {isa = PBXFileReference; lastKnownFileType = text.xml; path = LeavesHome.gpx; sourceTree = "<group>"; };
		7350310120449D3800B68F50 /* Snapshot.xctest */ = {isa = PBXFileReference; explicitFileType = wrapper.cfbundle; includeInIndex = 0; path = Snapshot.xctest; sourceTree = BUILT_PRODUCTS_DIR; };
		735031242044A12B00B68F50 /* RoomyUITests.xctest */ = {isa = PBXFileReference; explicitFileType = wrapper.cfbundle; includeInIndex = 0; path = RoomyUITests.xctest; sourceTree = BUILT_PRODUCTS_DIR; };
		735031262044A12B00B68F50 /* RoomyUITests.swift */ = {isa = PBXFileReference; lastKnownFileType = sourcecode.swift; path = RoomyUITests.swift; sourceTree = "<group>"; };
		735031282044A12B00B68F50 /* Info.plist */ = {isa = PBXFileReference; lastKnownFileType = text.plist.xml; path = Info.plist; sourceTree = "<group>"; };
		7350312E2044A1E000B68F50 /* SnapshotHelper.swift */ = {isa = PBXFileReference; fileEncoding = 4; lastKnownFileType = sourcecode.swift; path = SnapshotHelper.swift; sourceTree = "<group>"; };
		735532591EA6CCE7007815A8 /* Status.storyboard */ = {isa = PBXFileReference; fileEncoding = 4; lastKnownFileType = file.storyboard; path = Status.storyboard; sourceTree = "<group>"; };
		7355325B1EA6CD78007815A8 /* UpdateStatusViewController.swift */ = {isa = PBXFileReference; fileEncoding = 4; lastKnownFileType = sourcecode.swift; path = UpdateStatusViewController.swift; sourceTree = "<group>"; };
		7355325D1EA6CF4E007815A8 /* PopPresentingAnimationController.swift */ = {isa = PBXFileReference; fileEncoding = 4; lastKnownFileType = sourcecode.swift; path = PopPresentingAnimationController.swift; sourceTree = "<group>"; };
		7355325F1EA6D10B007815A8 /* PopDismissingAnimationController.swift */ = {isa = PBXFileReference; fileEncoding = 4; lastKnownFileType = sourcecode.swift; path = PopDismissingAnimationController.swift; sourceTree = "<group>"; };
		735532621EA6E1EA007815A8 /* Settings.storyboard */ = {isa = PBXFileReference; fileEncoding = 4; lastKnownFileType = file.storyboard; path = Settings.storyboard; sourceTree = "<group>"; };
		735532641EA6E212007815A8 /* SettingsViewController.swift */ = {isa = PBXFileReference; fileEncoding = 4; lastKnownFileType = sourcecode.swift; path = SettingsViewController.swift; sourceTree = "<group>"; };
		736DD9A61E933430008BAA2E /* Home.storyboard */ = {isa = PBXFileReference; fileEncoding = 4; lastKnownFileType = file.storyboard; path = Home.storyboard; sourceTree = "<group>"; };
		736DD9A81E9338AF008BAA2E /* Messaging.storyboard */ = {isa = PBXFileReference; fileEncoding = 4; lastKnownFileType = file.storyboard; path = Messaging.storyboard; sourceTree = "<group>"; };
		736DD9AE1E940541008BAA2E /* HomeViewController.swift */ = {isa = PBXFileReference; fileEncoding = 4; lastKnownFileType = sourcecode.swift; path = HomeViewController.swift; sourceTree = "<group>"; };
		736DD9B01E9405E4008BAA2E /* TabBar.storyboard */ = {isa = PBXFileReference; fileEncoding = 4; lastKnownFileType = file.storyboard; path = TabBar.storyboard; sourceTree = "<group>"; };
		73713BA91E9994C000EF1923 /* Roomy.swift */ = {isa = PBXFileReference; fileEncoding = 4; lastKnownFileType = sourcecode.swift; path = Roomy.swift; sourceTree = "<group>"; };
		738B75551EB682EB007ACFAD /* WelcomeRoomyViewController.swift */ = {isa = PBXFileReference; fileEncoding = 4; lastKnownFileType = sourcecode.swift; path = WelcomeRoomyViewController.swift; sourceTree = "<group>"; };
		739AC4841E9B49A700CF8540 /* LocationService.swift */ = {isa = PBXFileReference; fileEncoding = 4; lastKnownFileType = sourcecode.swift; path = LocationService.swift; sourceTree = "<group>"; };
		73BF27DC1E9D51DE0080841D /* RoomyTableViewCell.swift */ = {isa = PBXFileReference; fileEncoding = 4; lastKnownFileType = sourcecode.swift; path = RoomyTableViewCell.swift; sourceTree = "<group>"; };
		73BF27E01E9D5EA10080841D /* R.swift */ = {isa = PBXFileReference; fileEncoding = 4; lastKnownFileType = sourcecode.swift; path = R.swift; sourceTree = "<group>"; };
		73BF27E21E9D8C340080841D /* RoomyCollectionViewCell.swift */ = {isa = PBXFileReference; fileEncoding = 4; lastKnownFileType = sourcecode.swift; path = RoomyCollectionViewCell.swift; sourceTree = "<group>"; };
		795B37CFD45F9F7F799C89E1 /* Pods-roomy.debug.xcconfig */ = {isa = PBXFileReference; includeInIndex = 1; lastKnownFileType = text.xcconfig; name = "Pods-roomy.debug.xcconfig"; path = "Pods/Target Support Files/Pods-roomy/Pods-roomy.debug.xcconfig"; sourceTree = "<group>"; };
		A513C1781E987ED000F2B5D2 /* MessagingViewController.swift */ = {isa = PBXFileReference; fileEncoding = 4; lastKnownFileType = sourcecode.swift; path = MessagingViewController.swift; sourceTree = "<group>"; };
		A513C17B1E98807600F2B5D2 /* MessageTableViewCell.swift */ = {isa = PBXFileReference; fileEncoding = 4; lastKnownFileType = sourcecode.swift; path = MessageTableViewCell.swift; sourceTree = "<group>"; };
		A513C17D1E9C7B2B00F2B5D2 /* Message.swift */ = {isa = PBXFileReference; fileEncoding = 4; lastKnownFileType = sourcecode.swift; path = Message.swift; sourceTree = "<group>"; };
		A51574FE1E7DB15B009F93F8 /* UserLoginViewController.swift */ = {isa = PBXFileReference; fileEncoding = 4; lastKnownFileType = sourcecode.swift; path = UserLoginViewController.swift; sourceTree = "<group>"; };
		A51575001E7DB195009F93F8 /* UserSignUpViewController.swift */ = {isa = PBXFileReference; fileEncoding = 4; lastKnownFileType = sourcecode.swift; path = UserSignUpViewController.swift; sourceTree = "<group>"; };
		A51575021E7DB1A1009F93F8 /* HouseLoginViewController.swift */ = {isa = PBXFileReference; fileEncoding = 4; lastKnownFileType = sourcecode.swift; path = HouseLoginViewController.swift; sourceTree = "<group>"; };
		A51575041E7DB1AA009F93F8 /* HouseSignUpViewController.swift */ = {isa = PBXFileReference; fileEncoding = 4; lastKnownFileType = sourcecode.swift; path = HouseSignUpViewController.swift; sourceTree = "<group>"; };
		A51575061E7DB4AB009F93F8 /* HomeTimelineViewController.swift */ = {isa = PBXFileReference; fileEncoding = 4; lastKnownFileType = sourcecode.swift; path = HomeTimelineViewController.swift; sourceTree = "<group>"; };
		A56978071E778E3200BC8378 /* roomy.app */ = {isa = PBXFileReference; explicitFileType = wrapper.application; includeInIndex = 0; path = roomy.app; sourceTree = BUILT_PRODUCTS_DIR; };
		A569780A1E778E3200BC8378 /* AppDelegate.swift */ = {isa = PBXFileReference; lastKnownFileType = sourcecode.swift; path = AppDelegate.swift; sourceTree = "<group>"; };
		A569780F1E778E3200BC8378 /* Base */ = {isa = PBXFileReference; lastKnownFileType = file.storyboard; name = Base; path = Base.lproj/Main.storyboard; sourceTree = "<group>"; };
		A56978111E778E3200BC8378 /* Assets.xcassets */ = {isa = PBXFileReference; lastKnownFileType = folder.assetcatalog; path = Assets.xcassets; sourceTree = "<group>"; };
		A56978141E778E3200BC8378 /* Base */ = {isa = PBXFileReference; lastKnownFileType = file.storyboard; name = Base; path = Base.lproj/LaunchScreen.storyboard; sourceTree = "<group>"; };
		A56978161E778E3200BC8378 /* Info.plist */ = {isa = PBXFileReference; lastKnownFileType = text.plist.xml; path = Info.plist; sourceTree = "<group>"; };
		A5800D641E7DE3C800FB35F4 /* House.swift */ = {isa = PBXFileReference; fileEncoding = 4; lastKnownFileType = sourcecode.swift; path = House.swift; sourceTree = "<group>"; };
		A5BF9FB71EB6CAA100B7A179 /* MessagingNavigationItemViewController.swift */ = {isa = PBXFileReference; fileEncoding = 4; lastKnownFileType = sourcecode.swift; path = MessagingNavigationItemViewController.swift; sourceTree = "<group>"; };
/* End PBXFileReference section */

/* Begin PBXFrameworksBuildPhase section */
		735030FE20449D3800B68F50 /* Frameworks */ = {
			isa = PBXFrameworksBuildPhase;
			buildActionMask = 2147483647;
			files = (
			);
			runOnlyForDeploymentPostprocessing = 0;
		};
		735031212044A12B00B68F50 /* Frameworks */ = {
			isa = PBXFrameworksBuildPhase;
			buildActionMask = 2147483647;
			files = (
			);
			runOnlyForDeploymentPostprocessing = 0;
		};
		A56978041E778E3200BC8378 /* Frameworks */ = {
			isa = PBXFrameworksBuildPhase;
			buildActionMask = 2147483647;
			files = (
				5B746737D24F0C7CB6868BEC /* Pods_roomy.framework in Frameworks */,
				731E20F71EA5B0BE003F1B2E /* Bolts.framework in Frameworks */,
			);
			runOnlyForDeploymentPostprocessing = 0;
		};
/* End PBXFrameworksBuildPhase section */

/* Begin PBXGroup section */
		731F5DC31E95D2F40004277E /* GPS Simulations */ = {
			isa = PBXGroup;
			children = (
				731F5DC41E95D2F40004277E /* America.gpx */,
				731F5DC51E95D2F40004277E /* GoesHome.gpx */,
				731F5DC61E95D2F40004277E /* LeavesHome.gpx */,
			);
			name = "GPS Simulations";
			path = "../../GPS Simulations";
			sourceTree = "<group>";
		};
		735031252044A12B00B68F50 /* RoomyUITests */ = {
			isa = PBXGroup;
			children = (
				7350312E2044A1E000B68F50 /* SnapshotHelper.swift */,
				735031262044A12B00B68F50 /* RoomyUITests.swift */,
				735031282044A12B00B68F50 /* Info.plist */,
			);
			path = RoomyUITests;
			sourceTree = "<group>";
		};
		735532611EA6D249007815A8 /* Animation Controllers  */ = {
			isa = PBXGroup;
			children = (
				7355325D1EA6CF4E007815A8 /* PopPresentingAnimationController.swift */,
				7355325F1EA6D10B007815A8 /* PopDismissingAnimationController.swift */,
			);
			name = "Animation Controllers ";
			sourceTree = "<group>";
		};
		737448851E92FE06001609B0 /* Views */ = {
			isa = PBXGroup;
			children = (
				A513C17B1E98807600F2B5D2 /* MessageTableViewCell.swift */,
				73BF27DC1E9D51DE0080841D /* RoomyTableViewCell.swift */,
				73BF27E21E9D8C340080841D /* RoomyCollectionViewCell.swift */,
				3E88E3441EB1913E00C9D89A /* StatusTableViewCell.swift */,
			);
			name = Views;
			sourceTree = "<group>";
		};
		739AC4861E9B4B1800CF8540 /* Service */ = {
			isa = PBXGroup;
			children = (
				739AC4841E9B49A700CF8540 /* LocationService.swift */,
			);
			name = Service;
			sourceTree = "<group>";
		};
		73BEE3A31E946BBE00353853 /* Delegates */ = {
			isa = PBXGroup;
			children = (
				A569780A1E778E3200BC8378 /* AppDelegate.swift */,
			);
			name = Delegates;
			sourceTree = "<group>";
		};
		A2DD4AF2D4B1CFE4468A77D4 /* Pods */ = {
			isa = PBXGroup;
			children = (
				795B37CFD45F9F7F799C89E1 /* Pods-roomy.debug.xcconfig */,
				33F20C97F9F8B6C11B2AB8EC /* Pods-roomy.release.xcconfig */,
			);
			name = Pods;
			sourceTree = "<group>";
		};
		A51574FD1E7DB085009F93F8 /* Storyboard */ = {
			isa = PBXGroup;
			children = (
				A56978161E778E3200BC8378 /* Info.plist */,
				A569780E1E778E3200BC8378 /* Main.storyboard */,
				736DD9B01E9405E4008BAA2E /* TabBar.storyboard */,
				736DD9A61E933430008BAA2E /* Home.storyboard */,
				736DD9A81E9338AF008BAA2E /* Messaging.storyboard */,
				4F2C40091E9B160B00EBC693 /* TodoList.storyboard */,
				735532591EA6CCE7007815A8 /* Status.storyboard */,
				735532621EA6E1EA007815A8 /* Settings.storyboard */,
			);
			name = Storyboard;
			sourceTree = "<group>";
		};
		A56977FE1E778E3200BC8378 = {
			isa = PBXGroup;
			children = (
				A56978091E778E3200BC8378 /* roomy */,
				735031252044A12B00B68F50 /* RoomyUITests */,
				A56978081E778E3200BC8378 /* Products */,
				A2DD4AF2D4B1CFE4468A77D4 /* Pods */,
				D03157F238AB5C7072527FBA /* Frameworks */,
			);
			sourceTree = "<group>";
		};
		A56978081E778E3200BC8378 /* Products */ = {
			isa = PBXGroup;
			children = (
				A56978071E778E3200BC8378 /* roomy.app */,
				7350310120449D3800B68F50 /* Snapshot.xctest */,
				735031242044A12B00B68F50 /* RoomyUITests.xctest */,
			);
			name = Products;
			sourceTree = "<group>";
		};
		A56978091E778E3200BC8378 /* roomy */ = {
			isa = PBXGroup;
			children = (
				735532611EA6D249007815A8 /* Animation Controllers  */,
				739AC4861E9B4B1800CF8540 /* Service */,
				731F5DC31E95D2F40004277E /* GPS Simulations */,
				737448851E92FE06001609B0 /* Views */,
				A569781D1E77910400BC8378 /* Models */,
				A569781C1E7790E200BC8378 /* View Controllers */,
				73BEE3A31E946BBE00353853 /* Delegates */,
				A51574FD1E7DB085009F93F8 /* Storyboard */,
				A56978111E778E3200BC8378 /* Assets.xcassets */,
				A56978131E778E3200BC8378 /* LaunchScreen.storyboard */,
			);
			path = roomy;
			sourceTree = "<group>";
		};
		A569781C1E7790E200BC8378 /* View Controllers */ = {
			isa = PBXGroup;
			children = (
				A51574FE1E7DB15B009F93F8 /* UserLoginViewController.swift */,
				A51575001E7DB195009F93F8 /* UserSignUpViewController.swift */,
				A51575021E7DB1A1009F93F8 /* HouseLoginViewController.swift */,
				4F4FB54C1E99995F003BB1B8 /* AddressValidationViewController.swift */,
				A51575041E7DB1AA009F93F8 /* HouseSignUpViewController.swift */,
				A51575061E7DB4AB009F93F8 /* HomeTimelineViewController.swift */,
				736DD9AE1E940541008BAA2E /* HomeViewController.swift */,
				A513C1781E987ED000F2B5D2 /* MessagingViewController.swift */,
				A5BF9FB71EB6CAA100B7A179 /* MessagingNavigationItemViewController.swift */,
				4F2C400B1E9B16E700EBC693 /* TodoListViewController.swift */,
				4FC8B1F61E9B1E8C00109093 /* TodoAddItemViewController.swift */,
				7355325B1EA6CD78007815A8 /* UpdateStatusViewController.swift */,
				735532641EA6E212007815A8 /* SettingsViewController.swift */,
				738B75551EB682EB007ACFAD /* WelcomeRoomyViewController.swift */,
			);
			name = "View Controllers";
			sourceTree = "<group>";
		};
		A569781D1E77910400BC8378 /* Models */ = {
			isa = PBXGroup;
			children = (
				73713BA91E9994C000EF1923 /* Roomy.swift */,
				A5800D641E7DE3C800FB35F4 /* House.swift */,
				4FC8B1F41E9B1B1100109093 /* TodoItem.swift */,
				73BF27E01E9D5EA10080841D /* R.swift */,
				A513C17D1E9C7B2B00F2B5D2 /* Message.swift */,
			);
			name = Models;
			sourceTree = "<group>";
		};
		D03157F238AB5C7072527FBA /* Frameworks */ = {
			isa = PBXGroup;
			children = (
				731E20F61EA5B0BE003F1B2E /* Bolts.framework */,
				731E20F41EA5B059003F1B2E /* FBSDKLoginKit.framework */,
				731E20F21EA5B04F003F1B2E /* FBSDKCoreKit.framework */,
				37E55EEA4792D224C573647F /* Pods_roomy.framework */,
			);
			name = Frameworks;
			sourceTree = "<group>";
		};
/* End PBXGroup section */

/* Begin PBXNativeTarget section */
		7350310020449D3800B68F50 /* Snapshot */ = {
			isa = PBXNativeTarget;
			buildConfigurationList = 7350310A20449D3800B68F50 /* Build configuration list for PBXNativeTarget "Snapshot" */;
			buildPhases = (
				735030FD20449D3800B68F50 /* Sources */,
				735030FE20449D3800B68F50 /* Frameworks */,
				735030FF20449D3800B68F50 /* Resources */,
			);
			buildRules = (
			);
			dependencies = (
				7350310720449D3800B68F50 /* PBXTargetDependency */,
			);
			name = Snapshot;
			productName = Snapshot;
			productReference = 7350310120449D3800B68F50 /* Snapshot.xctest */;
			productType = "com.apple.product-type.bundle.ui-testing";
		};
		735031232044A12B00B68F50 /* RoomyUITests */ = {
			isa = PBXNativeTarget;
			buildConfigurationList = 7350312B2044A12B00B68F50 /* Build configuration list for PBXNativeTarget "RoomyUITests" */;
			buildPhases = (
				735031202044A12B00B68F50 /* Sources */,
				735031212044A12B00B68F50 /* Frameworks */,
				735031222044A12B00B68F50 /* Resources */,
			);
			buildRules = (
			);
			dependencies = (
				7350312A2044A12B00B68F50 /* PBXTargetDependency */,
			);
			name = RoomyUITests;
			productName = RoomyUITests;
			productReference = 735031242044A12B00B68F50 /* RoomyUITests.xctest */;
			productType = "com.apple.product-type.bundle.ui-testing";
		};
		A56978061E778E3200BC8378 /* roomy */ = {
			isa = PBXNativeTarget;
			buildConfigurationList = A56978191E778E3200BC8378 /* Build configuration list for PBXNativeTarget "roomy" */;
			buildPhases = (
				AE89D60F28561162AEAF555A /* [CP] Check Pods Manifest.lock */,
				A56978031E778E3200BC8378 /* Sources */,
				A56978041E778E3200BC8378 /* Frameworks */,
				A56978051E778E3200BC8378 /* Resources */,
				0246B42EBCA72D4056B37832 /* [CP] Embed Pods Frameworks */,
				59007EB5B9FF22488C5A5CC5 /* [CP] Copy Pods Resources */,
			);
			buildRules = (
			);
			dependencies = (
			);
			name = roomy;
			productName = roomy;
			productReference = A56978071E778E3200BC8378 /* roomy.app */;
			productType = "com.apple.product-type.application";
		};
/* End PBXNativeTarget section */

/* Begin PBXProject section */
		A56977FF1E778E3200BC8378 /* Project object */ = {
			isa = PBXProject;
			attributes = {
				LastSwiftUpdateCheck = 0920;
				LastUpgradeCheck = 0920;
				ORGANIZATIONNAME = "Poojan Dave";
				TargetAttributes = {
					7350310020449D3800B68F50 = {
						CreatedOnToolsVersion = 9.2;
						DevelopmentTeam = 34WD9C788A;
						LastSwiftMigration = 0920;
						ProvisioningStyle = Automatic;
						TestTargetID = A56978061E778E3200BC8378;
					};
					735031232044A12B00B68F50 = {
						CreatedOnToolsVersion = 9.2;
						DevelopmentTeam = 34WD9C788A;
						ProvisioningStyle = Automatic;
						TestTargetID = A56978061E778E3200BC8378;
					};
					A56978061E778E3200BC8378 = {
						CreatedOnToolsVersion = 8.2.1;
						DevelopmentTeam = 34WD9C788A;
						LastSwiftMigration = 0920;
						ProvisioningStyle = Automatic;
						SystemCapabilities = {
							com.apple.BackgroundModes = {
								enabled = 1;
							};
						};
					};
				};
			};
			buildConfigurationList = A56978021E778E3200BC8378 /* Build configuration list for PBXProject "roomy" */;
			compatibilityVersion = "Xcode 3.2";
			developmentRegion = English;
			hasScannedForEncodings = 0;
			knownRegions = (
				en,
				Base,
			);
			mainGroup = A56977FE1E778E3200BC8378;
			productRefGroup = A56978081E778E3200BC8378 /* Products */;
			projectDirPath = "";
			projectRoot = "";
			targets = (
				A56978061E778E3200BC8378 /* roomy */,
				7350310020449D3800B68F50 /* Snapshot */,
				735031232044A12B00B68F50 /* RoomyUITests */,
			);
		};
/* End PBXProject section */

/* Begin PBXResourcesBuildPhase section */
		735030FF20449D3800B68F50 /* Resources */ = {
			isa = PBXResourcesBuildPhase;
			buildActionMask = 2147483647;
			files = (
			);
			runOnlyForDeploymentPostprocessing = 0;
		};
		735031222044A12B00B68F50 /* Resources */ = {
			isa = PBXResourcesBuildPhase;
			buildActionMask = 2147483647;
			files = (
			);
			runOnlyForDeploymentPostprocessing = 0;
		};
		A56978051E778E3200BC8378 /* Resources */ = {
			isa = PBXResourcesBuildPhase;
			buildActionMask = 2147483647;
			files = (
				A56978151E778E3200BC8378 /* LaunchScreen.storyboard in Resources */,
				A56978121E778E3200BC8378 /* Assets.xcassets in Resources */,
				A56978101E778E3200BC8378 /* Main.storyboard in Resources */,
				4F2C400A1E9B160B00EBC693 /* TodoList.storyboard in Resources */,
				7355325A1EA6CCE7007815A8 /* Status.storyboard in Resources */,
				736DD9A71E933430008BAA2E /* Home.storyboard in Resources */,
				736DD9B11E9405E4008BAA2E /* TabBar.storyboard in Resources */,
				736DD9A91E9338AF008BAA2E /* Messaging.storyboard in Resources */,
				735532631EA6E1EA007815A8 /* Settings.storyboard in Resources */,
			);
			runOnlyForDeploymentPostprocessing = 0;
		};
/* End PBXResourcesBuildPhase section */

/* Begin PBXShellScriptBuildPhase section */
		0246B42EBCA72D4056B37832 /* [CP] Embed Pods Frameworks */ = {
			isa = PBXShellScriptBuildPhase;
			buildActionMask = 2147483647;
			files = (
			);
			inputPaths = (
				"${SRCROOT}/Pods/Target Support Files/Pods-roomy/Pods-roomy-frameworks.sh",
				"${BUILT_PRODUCTS_DIR}/AFNetworking/AFNetworking.framework",
				"${BUILT_PRODUCTS_DIR}/Bolts/Bolts.framework",
				"${BUILT_PRODUCTS_DIR}/Bolts-Swift/BoltsSwift.framework",
				"${BUILT_PRODUCTS_DIR}/FBSDKCoreKit/FBSDKCoreKit.framework",
				"${BUILT_PRODUCTS_DIR}/FBSDKLoginKit/FBSDKLoginKit.framework",
				"${BUILT_PRODUCTS_DIR}/FontAwesome-iOS/FontAwesome_iOS.framework",
				"${BUILT_PRODUCTS_DIR}/IBAnimatable/IBAnimatable.framework",
				"${BUILT_PRODUCTS_DIR}/JSQMessagesViewController/JSQMessagesViewController.framework",
				"${BUILT_PRODUCTS_DIR}/JSQSystemSoundPlayer/JSQSystemSoundPlayer.framework",
				"${BUILT_PRODUCTS_DIR}/JVFloatLabeledTextField/JVFloatLabeledTextField.framework",
				"${BUILT_PRODUCTS_DIR}/MBProgressHUD/MBProgressHUD.framework",
				"${BUILT_PRODUCTS_DIR}/Parse/Parse.framework",
				"${BUILT_PRODUCTS_DIR}/ParseLiveQuery/ParseLiveQuery.framework",
				"${BUILT_PRODUCTS_DIR}/ParseUI/ParseUI.framework",
				"${BUILT_PRODUCTS_DIR}/SkyFloatingLabelTextField/SkyFloatingLabelTextField.framework",
				"${BUILT_PRODUCTS_DIR}/Starscream/Starscream.framework",
				"${BUILT_PRODUCTS_DIR}/pop/pop.framework",
			);
			name = "[CP] Embed Pods Frameworks";
			outputPaths = (
				"${TARGET_BUILD_DIR}/${FRAMEWORKS_FOLDER_PATH}/AFNetworking.framework",
				"${TARGET_BUILD_DIR}/${FRAMEWORKS_FOLDER_PATH}/Bolts.framework",
				"${TARGET_BUILD_DIR}/${FRAMEWORKS_FOLDER_PATH}/BoltsSwift.framework",
				"${TARGET_BUILD_DIR}/${FRAMEWORKS_FOLDER_PATH}/FBSDKCoreKit.framework",
				"${TARGET_BUILD_DIR}/${FRAMEWORKS_FOLDER_PATH}/FBSDKLoginKit.framework",
				"${TARGET_BUILD_DIR}/${FRAMEWORKS_FOLDER_PATH}/FontAwesome_iOS.framework",
				"${TARGET_BUILD_DIR}/${FRAMEWORKS_FOLDER_PATH}/IBAnimatable.framework",
				"${TARGET_BUILD_DIR}/${FRAMEWORKS_FOLDER_PATH}/JSQMessagesViewController.framework",
				"${TARGET_BUILD_DIR}/${FRAMEWORKS_FOLDER_PATH}/JSQSystemSoundPlayer.framework",
				"${TARGET_BUILD_DIR}/${FRAMEWORKS_FOLDER_PATH}/JVFloatLabeledTextField.framework",
				"${TARGET_BUILD_DIR}/${FRAMEWORKS_FOLDER_PATH}/MBProgressHUD.framework",
				"${TARGET_BUILD_DIR}/${FRAMEWORKS_FOLDER_PATH}/Parse.framework",
				"${TARGET_BUILD_DIR}/${FRAMEWORKS_FOLDER_PATH}/ParseLiveQuery.framework",
				"${TARGET_BUILD_DIR}/${FRAMEWORKS_FOLDER_PATH}/ParseUI.framework",
				"${TARGET_BUILD_DIR}/${FRAMEWORKS_FOLDER_PATH}/SkyFloatingLabelTextField.framework",
				"${TARGET_BUILD_DIR}/${FRAMEWORKS_FOLDER_PATH}/Starscream.framework",
				"${TARGET_BUILD_DIR}/${FRAMEWORKS_FOLDER_PATH}/pop.framework",
			);
			runOnlyForDeploymentPostprocessing = 0;
			shellPath = /bin/sh;
			shellScript = "\"${SRCROOT}/Pods/Target Support Files/Pods-roomy/Pods-roomy-frameworks.sh\"\n";
			showEnvVarsInLog = 0;
		};
		59007EB5B9FF22488C5A5CC5 /* [CP] Copy Pods Resources */ = {
			isa = PBXShellScriptBuildPhase;
			buildActionMask = 2147483647;
			files = (
			);
			inputPaths = (
				"${SRCROOT}/Pods/Target Support Files/Pods-roomy/Pods-roomy-resources.sh",
				"${PODS_ROOT}/GooglePlaces/Frameworks/GooglePlaces.framework/Resources/GooglePlaces.bundle",
			);
			name = "[CP] Copy Pods Resources";
			outputPaths = (
				"${TARGET_BUILD_DIR}/${UNLOCALIZED_RESOURCES_FOLDER_PATH}/GooglePlaces.bundle",
			);
			runOnlyForDeploymentPostprocessing = 0;
			shellPath = /bin/sh;
			shellScript = "\"${SRCROOT}/Pods/Target Support Files/Pods-roomy/Pods-roomy-resources.sh\"\n";
			showEnvVarsInLog = 0;
		};
		AE89D60F28561162AEAF555A /* [CP] Check Pods Manifest.lock */ = {
			isa = PBXShellScriptBuildPhase;
			buildActionMask = 2147483647;
			files = (
			);
			inputPaths = (
				"${PODS_PODFILE_DIR_PATH}/Podfile.lock",
				"${PODS_ROOT}/Manifest.lock",
			);
			name = "[CP] Check Pods Manifest.lock";
			outputPaths = (
				"$(DERIVED_FILE_DIR)/Pods-roomy-checkManifestLockResult.txt",
			);
			runOnlyForDeploymentPostprocessing = 0;
			shellPath = /bin/sh;
			shellScript = "diff \"${PODS_PODFILE_DIR_PATH}/Podfile.lock\" \"${PODS_ROOT}/Manifest.lock\" > /dev/null\nif [ $? != 0 ] ; then\n    # print error to STDERR\n    echo \"error: The sandbox is not in sync with the Podfile.lock. Run 'pod install' or update your CocoaPods installation.\" >&2\n    exit 1\nfi\n# This output is used by Xcode 'outputs' to avoid re-running this script phase.\necho \"SUCCESS\" > \"${SCRIPT_OUTPUT_FILE_0}\"\n";
			showEnvVarsInLog = 0;
		};
/* End PBXShellScriptBuildPhase section */

/* Begin PBXSourcesBuildPhase section */
		735030FD20449D3800B68F50 /* Sources */ = {
			isa = PBXSourcesBuildPhase;
			buildActionMask = 2147483647;
			files = (
			);
			runOnlyForDeploymentPostprocessing = 0;
		};
		735031202044A12B00B68F50 /* Sources */ = {
			isa = PBXSourcesBuildPhase;
			buildActionMask = 2147483647;
			files = (
				735031272044A12B00B68F50 /* RoomyUITests.swift in Sources */,
				7350312F2044A1E000B68F50 /* SnapshotHelper.swift in Sources */,
			);
			runOnlyForDeploymentPostprocessing = 0;
		};
		A56978031E778E3200BC8378 /* Sources */ = {
			isa = PBXSourcesBuildPhase;
			buildActionMask = 2147483647;
			files = (
				A5BF9FB81EB6CAA100B7A179 /* MessagingNavigationItemViewController.swift in Sources */,
				73713BAA1E9994C000EF1923 /* Roomy.swift in Sources */,
				3E88E3451EB1913E00C9D89A /* StatusTableViewCell.swift in Sources */,
				73BF27DD1E9D51DE0080841D /* RoomyTableViewCell.swift in Sources */,
				A5800D651E7DE3C800FB35F4 /* House.swift in Sources */,
				A51574FF1E7DB15B009F93F8 /* UserLoginViewController.swift in Sources */,
				73BF27E11E9D5EA10080841D /* R.swift in Sources */,
				4F4FB54D1E99995F003BB1B8 /* AddressValidationViewController.swift in Sources */,
				A51575031E7DB1A1009F93F8 /* HouseLoginViewController.swift in Sources */,
				A513C1791E987ED000F2B5D2 /* MessagingViewController.swift in Sources */,
				A513C17C1E98807600F2B5D2 /* MessageTableViewCell.swift in Sources */,
				4FC8B1F71E9B1E8C00109093 /* TodoAddItemViewController.swift in Sources */,
				739AC4851E9B49A700CF8540 /* LocationService.swift in Sources */,
				735532601EA6D10B007815A8 /* PopDismissingAnimationController.swift in Sources */,
				7355325E1EA6CF4F007815A8 /* PopPresentingAnimationController.swift in Sources */,
				7355325C1EA6CD78007815A8 /* UpdateStatusViewController.swift in Sources */,
				736DD9AF1E940541008BAA2E /* HomeViewController.swift in Sources */,
				4F2C400C1E9B16E700EBC693 /* TodoListViewController.swift in Sources */,
				A51575011E7DB195009F93F8 /* UserSignUpViewController.swift in Sources */,
				4FC8B1F51E9B1B1100109093 /* TodoItem.swift in Sources */,
				A569780B1E778E3200BC8378 /* AppDelegate.swift in Sources */,
				A513C17E1E9C7B2B00F2B5D2 /* Message.swift in Sources */,
				A51575071E7DB4AB009F93F8 /* HomeTimelineViewController.swift in Sources */,
				A51575051E7DB1AA009F93F8 /* HouseSignUpViewController.swift in Sources */,
				73BF27E31E9D8C340080841D /* RoomyCollectionViewCell.swift in Sources */,
				735532651EA6E212007815A8 /* SettingsViewController.swift in Sources */,
				738B75561EB682EB007ACFAD /* WelcomeRoomyViewController.swift in Sources */,
			);
			runOnlyForDeploymentPostprocessing = 0;
		};
/* End PBXSourcesBuildPhase section */

/* Begin PBXTargetDependency section */
		7350310720449D3800B68F50 /* PBXTargetDependency */ = {
			isa = PBXTargetDependency;
			target = A56978061E778E3200BC8378 /* roomy */;
			targetProxy = 7350310620449D3800B68F50 /* PBXContainerItemProxy */;
		};
		7350312A2044A12B00B68F50 /* PBXTargetDependency */ = {
			isa = PBXTargetDependency;
			target = A56978061E778E3200BC8378 /* roomy */;
			targetProxy = 735031292044A12B00B68F50 /* PBXContainerItemProxy */;
		};
/* End PBXTargetDependency section */

/* Begin PBXVariantGroup section */
		A569780E1E778E3200BC8378 /* Main.storyboard */ = {
			isa = PBXVariantGroup;
			children = (
				A569780F1E778E3200BC8378 /* Base */,
			);
			name = Main.storyboard;
			sourceTree = "<group>";
		};
		A56978131E778E3200BC8378 /* LaunchScreen.storyboard */ = {
			isa = PBXVariantGroup;
			children = (
				A56978141E778E3200BC8378 /* Base */,
			);
			name = LaunchScreen.storyboard;
			sourceTree = "<group>";
		};
/* End PBXVariantGroup section */

/* Begin XCBuildConfiguration section */
		7350310820449D3800B68F50 /* Debug */ = {
			isa = XCBuildConfiguration;
			buildSettings = {
				CLANG_ANALYZER_NUMBER_OBJECT_CONVERSION = YES_AGGRESSIVE;
				CLANG_CXX_LANGUAGE_STANDARD = "gnu++14";
				CLANG_ENABLE_MODULES = YES;
				CLANG_WARN_BLOCK_CAPTURE_AUTORELEASING = YES;
				CLANG_WARN_COMMA = YES;
				CLANG_WARN_NON_LITERAL_NULL_CONVERSION = YES;
				CLANG_WARN_OBJC_LITERAL_CONVERSION = YES;
				CLANG_WARN_RANGE_LOOP_ANALYSIS = YES;
				CLANG_WARN_STRICT_PROTOTYPES = YES;
				CLANG_WARN_UNGUARDED_AVAILABILITY = YES_AGGRESSIVE;
				CODE_SIGN_IDENTITY = "iPhone Developer";
				CODE_SIGN_STYLE = Automatic;
				DEVELOPMENT_TEAM = 34WD9C788A;
				GCC_C_LANGUAGE_STANDARD = gnu11;
				INFOPLIST_FILE = Snapshot/Info.plist;
				IPHONEOS_DEPLOYMENT_TARGET = 11.2;
				LD_RUNPATH_SEARCH_PATHS = "$(inherited) @executable_path/Frameworks @loader_path/Frameworks";
				PRODUCT_BUNDLE_IDENTIFIER = RyanLiszewski.Snapshot;
				PRODUCT_NAME = "$(TARGET_NAME)";
				SWIFT_OBJC_BRIDGING_HEADER = "roomy/Snapshot-Bridging-Header.h";
				SWIFT_OPTIMIZATION_LEVEL = "-Onone";
				SWIFT_VERSION = 4.0;
				TARGETED_DEVICE_FAMILY = "1,2";
				TEST_TARGET_NAME = roomy;
			};
			name = Debug;
		};
		7350310920449D3800B68F50 /* Release */ = {
			isa = XCBuildConfiguration;
			buildSettings = {
				CLANG_ANALYZER_NUMBER_OBJECT_CONVERSION = YES_AGGRESSIVE;
				CLANG_CXX_LANGUAGE_STANDARD = "gnu++14";
				CLANG_ENABLE_MODULES = YES;
				CLANG_WARN_BLOCK_CAPTURE_AUTORELEASING = YES;
				CLANG_WARN_COMMA = YES;
				CLANG_WARN_NON_LITERAL_NULL_CONVERSION = YES;
				CLANG_WARN_OBJC_LITERAL_CONVERSION = YES;
				CLANG_WARN_RANGE_LOOP_ANALYSIS = YES;
				CLANG_WARN_STRICT_PROTOTYPES = YES;
				CLANG_WARN_UNGUARDED_AVAILABILITY = YES_AGGRESSIVE;
				CODE_SIGN_IDENTITY = "iPhone Developer";
				CODE_SIGN_STYLE = Automatic;
				DEVELOPMENT_TEAM = 34WD9C788A;
				GCC_C_LANGUAGE_STANDARD = gnu11;
				INFOPLIST_FILE = Snapshot/Info.plist;
				IPHONEOS_DEPLOYMENT_TARGET = 11.2;
				LD_RUNPATH_SEARCH_PATHS = "$(inherited) @executable_path/Frameworks @loader_path/Frameworks";
				PRODUCT_BUNDLE_IDENTIFIER = RyanLiszewski.Snapshot;
				PRODUCT_NAME = "$(TARGET_NAME)";
				SWIFT_OBJC_BRIDGING_HEADER = "roomy/Snapshot-Bridging-Header.h";
				SWIFT_VERSION = 4.0;
				TARGETED_DEVICE_FAMILY = "1,2";
				TEST_TARGET_NAME = roomy;
			};
			name = Release;
		};
		7350312C2044A12B00B68F50 /* Debug */ = {
			isa = XCBuildConfiguration;
			buildSettings = {
				CLANG_ANALYZER_NUMBER_OBJECT_CONVERSION = YES_AGGRESSIVE;
				CLANG_CXX_LANGUAGE_STANDARD = "gnu++14";
				CLANG_WARN_BLOCK_CAPTURE_AUTORELEASING = YES;
				CLANG_WARN_COMMA = YES;
				CLANG_WARN_NON_LITERAL_NULL_CONVERSION = YES;
				CLANG_WARN_OBJC_LITERAL_CONVERSION = YES;
				CLANG_WARN_RANGE_LOOP_ANALYSIS = YES;
				CLANG_WARN_STRICT_PROTOTYPES = YES;
				CLANG_WARN_UNGUARDED_AVAILABILITY = YES_AGGRESSIVE;
				CODE_SIGN_IDENTITY = "iPhone Developer";
				CODE_SIGN_STYLE = Automatic;
				DEVELOPMENT_TEAM = 34WD9C788A;
				GCC_C_LANGUAGE_STANDARD = gnu11;
				INFOPLIST_FILE = RoomyUITests/Info.plist;
				IPHONEOS_DEPLOYMENT_TARGET = 11.2;
				LD_RUNPATH_SEARCH_PATHS = "$(inherited) @executable_path/Frameworks @loader_path/Frameworks";
				PRODUCT_BUNDLE_IDENTIFIER = RyanLiszewski.RoomyUITests;
				PRODUCT_NAME = "$(TARGET_NAME)";
				SWIFT_VERSION = 4.0;
				TARGETED_DEVICE_FAMILY = "1,2";
				TEST_TARGET_NAME = roomy;
			};
			name = Debug;
		};
		7350312D2044A12B00B68F50 /* Release */ = {
			isa = XCBuildConfiguration;
			buildSettings = {
				CLANG_ANALYZER_NUMBER_OBJECT_CONVERSION = YES_AGGRESSIVE;
				CLANG_CXX_LANGUAGE_STANDARD = "gnu++14";
				CLANG_WARN_BLOCK_CAPTURE_AUTORELEASING = YES;
				CLANG_WARN_COMMA = YES;
				CLANG_WARN_NON_LITERAL_NULL_CONVERSION = YES;
				CLANG_WARN_OBJC_LITERAL_CONVERSION = YES;
				CLANG_WARN_RANGE_LOOP_ANALYSIS = YES;
				CLANG_WARN_STRICT_PROTOTYPES = YES;
				CLANG_WARN_UNGUARDED_AVAILABILITY = YES_AGGRESSIVE;
				CODE_SIGN_IDENTITY = "iPhone Developer";
				CODE_SIGN_STYLE = Automatic;
				DEVELOPMENT_TEAM = 34WD9C788A;
				GCC_C_LANGUAGE_STANDARD = gnu11;
				INFOPLIST_FILE = RoomyUITests/Info.plist;
				IPHONEOS_DEPLOYMENT_TARGET = 11.2;
				LD_RUNPATH_SEARCH_PATHS = "$(inherited) @executable_path/Frameworks @loader_path/Frameworks";
				PRODUCT_BUNDLE_IDENTIFIER = RyanLiszewski.RoomyUITests;
				PRODUCT_NAME = "$(TARGET_NAME)";
				SWIFT_VERSION = 4.0;
				TARGETED_DEVICE_FAMILY = "1,2";
				TEST_TARGET_NAME = roomy;
			};
			name = Release;
		};
		A56978171E778E3200BC8378 /* Debug */ = {
			isa = XCBuildConfiguration;
			buildSettings = {
				ALWAYS_SEARCH_USER_PATHS = NO;
				CLANG_ANALYZER_NONNULL = YES;
				CLANG_CXX_LANGUAGE_STANDARD = "gnu++0x";
				CLANG_CXX_LIBRARY = "libc++";
				CLANG_ENABLE_MODULES = YES;
				CLANG_ENABLE_OBJC_ARC = YES;
				CLANG_WARN_BLOCK_CAPTURE_AUTORELEASING = YES;
				CLANG_WARN_BOOL_CONVERSION = YES;
				CLANG_WARN_COMMA = YES;
				CLANG_WARN_CONSTANT_CONVERSION = YES;
				CLANG_WARN_DIRECT_OBJC_ISA_USAGE = YES_ERROR;
				CLANG_WARN_DOCUMENTATION_COMMENTS = YES;
				CLANG_WARN_EMPTY_BODY = YES;
				CLANG_WARN_ENUM_CONVERSION = YES;
				CLANG_WARN_INFINITE_RECURSION = YES;
				CLANG_WARN_INT_CONVERSION = YES;
				CLANG_WARN_NON_LITERAL_NULL_CONVERSION = YES;
				CLANG_WARN_OBJC_LITERAL_CONVERSION = YES;
				CLANG_WARN_OBJC_ROOT_CLASS = YES_ERROR;
				CLANG_WARN_RANGE_LOOP_ANALYSIS = YES;
				CLANG_WARN_STRICT_PROTOTYPES = YES;
				CLANG_WARN_SUSPICIOUS_MOVE = YES;
				CLANG_WARN_UNREACHABLE_CODE = YES;
				CLANG_WARN__DUPLICATE_METHOD_MATCH = YES;
				"CODE_SIGN_IDENTITY[sdk=iphoneos*]" = "iPhone Developer";
				COPY_PHASE_STRIP = NO;
				DEBUG_INFORMATION_FORMAT = dwarf;
				ENABLE_STRICT_OBJC_MSGSEND = YES;
				ENABLE_TESTABILITY = YES;
				GCC_C_LANGUAGE_STANDARD = gnu99;
				GCC_DYNAMIC_NO_PIC = NO;
				GCC_NO_COMMON_BLOCKS = YES;
				GCC_OPTIMIZATION_LEVEL = 0;
				GCC_PREPROCESSOR_DEFINITIONS = (
					"DEBUG=1",
					"$(inherited)",
				);
				GCC_WARN_64_TO_32_BIT_CONVERSION = YES;
				GCC_WARN_ABOUT_RETURN_TYPE = YES_ERROR;
				GCC_WARN_UNDECLARED_SELECTOR = YES;
				GCC_WARN_UNINITIALIZED_AUTOS = YES_AGGRESSIVE;
				GCC_WARN_UNUSED_FUNCTION = YES;
				GCC_WARN_UNUSED_VARIABLE = YES;
				IPHONEOS_DEPLOYMENT_TARGET = 10.2;
				MTL_ENABLE_DEBUG_INFO = YES;
				ONLY_ACTIVE_ARCH = YES;
				SDKROOT = iphoneos;
				SWIFT_ACTIVE_COMPILATION_CONDITIONS = DEBUG;
				SWIFT_OPTIMIZATION_LEVEL = "-Onone";
				TARGETED_DEVICE_FAMILY = "1,2";
			};
			name = Debug;
		};
		A56978181E778E3200BC8378 /* Release */ = {
			isa = XCBuildConfiguration;
			buildSettings = {
				ALWAYS_SEARCH_USER_PATHS = NO;
				CLANG_ANALYZER_NONNULL = YES;
				CLANG_CXX_LANGUAGE_STANDARD = "gnu++0x";
				CLANG_CXX_LIBRARY = "libc++";
				CLANG_ENABLE_MODULES = YES;
				CLANG_ENABLE_OBJC_ARC = YES;
				CLANG_WARN_BLOCK_CAPTURE_AUTORELEASING = YES;
				CLANG_WARN_BOOL_CONVERSION = YES;
				CLANG_WARN_COMMA = YES;
				CLANG_WARN_CONSTANT_CONVERSION = YES;
				CLANG_WARN_DIRECT_OBJC_ISA_USAGE = YES_ERROR;
				CLANG_WARN_DOCUMENTATION_COMMENTS = YES;
				CLANG_WARN_EMPTY_BODY = YES;
				CLANG_WARN_ENUM_CONVERSION = YES;
				CLANG_WARN_INFINITE_RECURSION = YES;
				CLANG_WARN_INT_CONVERSION = YES;
				CLANG_WARN_NON_LITERAL_NULL_CONVERSION = YES;
				CLANG_WARN_OBJC_LITERAL_CONVERSION = YES;
				CLANG_WARN_OBJC_ROOT_CLASS = YES_ERROR;
				CLANG_WARN_RANGE_LOOP_ANALYSIS = YES;
				CLANG_WARN_STRICT_PROTOTYPES = YES;
				CLANG_WARN_SUSPICIOUS_MOVE = YES;
				CLANG_WARN_UNREACHABLE_CODE = YES;
				CLANG_WARN__DUPLICATE_METHOD_MATCH = YES;
				"CODE_SIGN_IDENTITY[sdk=iphoneos*]" = "iPhone Developer";
				COPY_PHASE_STRIP = NO;
				DEBUG_INFORMATION_FORMAT = "dwarf-with-dsym";
				ENABLE_NS_ASSERTIONS = NO;
				ENABLE_STRICT_OBJC_MSGSEND = YES;
				GCC_C_LANGUAGE_STANDARD = gnu99;
				GCC_NO_COMMON_BLOCKS = YES;
				GCC_WARN_64_TO_32_BIT_CONVERSION = YES;
				GCC_WARN_ABOUT_RETURN_TYPE = YES_ERROR;
				GCC_WARN_UNDECLARED_SELECTOR = YES;
				GCC_WARN_UNINITIALIZED_AUTOS = YES_AGGRESSIVE;
				GCC_WARN_UNUSED_FUNCTION = YES;
				GCC_WARN_UNUSED_VARIABLE = YES;
				IPHONEOS_DEPLOYMENT_TARGET = 10.2;
				MTL_ENABLE_DEBUG_INFO = NO;
				SDKROOT = iphoneos;
				SWIFT_OPTIMIZATION_LEVEL = "-Owholemodule";
				TARGETED_DEVICE_FAMILY = "1,2";
				VALIDATE_PRODUCT = YES;
			};
			name = Release;
		};
		A569781A1E778E3200BC8378 /* Debug */ = {
			isa = XCBuildConfiguration;
			baseConfigurationReference = 795B37CFD45F9F7F799C89E1 /* Pods-roomy.debug.xcconfig */;
			buildSettings = {
				ASSETCATALOG_COMPILER_APPICON_NAME = AppIcon;
				DEVELOPMENT_TEAM = 34WD9C788A;
				FRAMEWORK_SEARCH_PATHS = (
					"$(inherited)",
					"$(PROJECT_DIR)",
				);
				INFOPLIST_FILE = roomy/Info.plist;
				LD_RUNPATH_SEARCH_PATHS = "$(inherited) @executable_path/Frameworks";
				OTHER_LDFLAGS = (
					"$(inherited)",
					"-ObjC",
					"-l\"c++\"",
					"-l\"z\"",
					"-framework",
					"\"AFNetworking\"",
					"-framework",
					"\"Bolts\"",
					"-framework",
					"\"BoltsSwift\"",
					"-framework",
					"\"CoreData\"",
					"-framework",
					"\"CoreGraphics\"",
					"-framework",
					"\"CoreLocation\"",
					"-framework",
					"\"FontAwesome_iOS\"",
					"-framework",
					"\"GoogleMapsBase\"",
					"-framework",
					"\"GooglePlaces\"",
					"-framework",
					"\"IBAnimatable\"",
					"-framework",
					"\"IngeoSDK\"",
					"-framework",
					"\"JSQMessagesViewController\"",
					"-framework",
					"\"JSQSystemSoundPlayer\"",
					"-framework",
					"\"JVFloatLabeledTextField\"",
					"-framework",
					"\"MBProgressHUD\"",
					"-framework",
					"\"Parse\"",
					"-framework",
					"\"ParseLiveQuery\"",
					"-framework",
					"\"ParseUI\"",
					"-framework",
					"\"QuartzCore\"",
					"-framework",
					"\"SkyFloatingLabelTextField\"",
					"-framework",
					"\"Starscream\"",
					"-framework",
					"\"SystemConfiguration\"",
					"-framework",
					"\"UIKit\"",
					"-framework",
					"\"pop\"",
				);
				PRODUCT_BUNDLE_IDENTIFIER = RyanLiszewski.roomy;
				PRODUCT_NAME = "$(TARGET_NAME)";
				SWIFT_SWIFT3_OBJC_INFERENCE = On;
				SWIFT_VERSION = 4.0;
			};
			name = Debug;
		};
		A569781B1E778E3200BC8378 /* Release */ = {
			isa = XCBuildConfiguration;
			baseConfigurationReference = 33F20C97F9F8B6C11B2AB8EC /* Pods-roomy.release.xcconfig */;
			buildSettings = {
				ASSETCATALOG_COMPILER_APPICON_NAME = AppIcon;
				DEVELOPMENT_TEAM = 34WD9C788A;
				FRAMEWORK_SEARCH_PATHS = (
					"$(inherited)",
					"$(PROJECT_DIR)",
				);
				INFOPLIST_FILE = roomy/Info.plist;
				LD_RUNPATH_SEARCH_PATHS = "$(inherited) @executable_path/Frameworks";
				OTHER_LDFLAGS = (
					"$(inherited)",
					"-ObjC",
					"-l\"c++\"",
					"-l\"z\"",
					"-framework",
					"\"AFNetworking\"",
					"-framework",
					"\"Bolts\"",
					"-framework",
					"\"BoltsSwift\"",
					"-framework",
					"\"CoreData\"",
					"-framework",
					"\"CoreGraphics\"",
					"-framework",
					"\"CoreLocation\"",
					"-framework",
					"\"FontAwesome_iOS\"",
					"-framework",
					"\"GoogleMapsBase\"",
					"-framework",
					"\"GooglePlaces\"",
					"-framework",
					"\"IBAnimatable\"",
					"-framework",
					"\"IngeoSDK\"",
					"-framework",
					"\"JSQMessagesViewController\"",
					"-framework",
					"\"JSQSystemSoundPlayer\"",
					"-framework",
					"\"JVFloatLabeledTextField\"",
					"-framework",
					"\"MBProgressHUD\"",
					"-framework",
					"\"Parse\"",
					"-framework",
					"\"ParseLiveQuery\"",
					"-framework",
					"\"ParseUI\"",
					"-framework",
					"\"QuartzCore\"",
					"-framework",
					"\"SkyFloatingLabelTextField\"",
					"-framework",
					"\"Starscream\"",
					"-framework",
					"\"SystemConfiguration\"",
					"-framework",
					"\"UIKit\"",
					"-framework",
					"\"pop\"",
				);
				PRODUCT_BUNDLE_IDENTIFIER = RyanLiszewski.roomy;
				PRODUCT_NAME = "$(TARGET_NAME)";
				SWIFT_SWIFT3_OBJC_INFERENCE = On;
				SWIFT_VERSION = 4.0;
			};
			name = Release;
		};
/* End XCBuildConfiguration section */

/* Begin XCConfigurationList section */
		7350310A20449D3800B68F50 /* Build configuration list for PBXNativeTarget "Snapshot" */ = {
			isa = XCConfigurationList;
			buildConfigurations = (
				7350310820449D3800B68F50 /* Debug */,
				7350310920449D3800B68F50 /* Release */,
			);
			defaultConfigurationIsVisible = 0;
			defaultConfigurationName = Release;
		};
		7350312B2044A12B00B68F50 /* Build configuration list for PBXNativeTarget "RoomyUITests" */ = {
			isa = XCConfigurationList;
			buildConfigurations = (
				7350312C2044A12B00B68F50 /* Debug */,
				7350312D2044A12B00B68F50 /* Release */,
			);
			defaultConfigurationIsVisible = 0;
			defaultConfigurationName = Release;
		};
		A56978021E778E3200BC8378 /* Build configuration list for PBXProject "roomy" */ = {
			isa = XCConfigurationList;
			buildConfigurations = (
				A56978171E778E3200BC8378 /* Debug */,
				A56978181E778E3200BC8378 /* Release */,
			);
			defaultConfigurationIsVisible = 0;
			defaultConfigurationName = Release;
		};
		A56978191E778E3200BC8378 /* Build configuration list for PBXNativeTarget "roomy" */ = {
			isa = XCConfigurationList;
			buildConfigurations = (
				A569781A1E778E3200BC8378 /* Debug */,
				A569781B1E778E3200BC8378 /* Release */,
			);
			defaultConfigurationIsVisible = 0;
			defaultConfigurationName = Release;
		};
/* End XCConfigurationList section */
	};
	rootObject = A56977FF1E778E3200BC8378 /* Project object */;
}
