// !$*UTF8*$!
{
	archiveVersion = 1;
	classes = {
	};
	objectVersion = 46;
	objects = {

/* Begin PBXBuildFile section */
		4F2C400A1E9B160B00EBC693 /* TodoList.storyboard in Resources */ = {isa = PBXBuildFile; fileRef = 4F2C40091E9B160B00EBC693 /* TodoList.storyboard */; };
		4F2C400C1E9B16E700EBC693 /* TodoListViewController.swift in Sources */ = {isa = PBXBuildFile; fileRef = 4F2C400B1E9B16E700EBC693 /* TodoListViewController.swift */; };
		4F4FB54D1E99995F003BB1B8 /* AddressValidationViewController.swift in Sources */ = {isa = PBXBuildFile; fileRef = 4F4FB54C1E99995F003BB1B8 /* AddressValidationViewController.swift */; };
		4FC8B1F51E9B1B1100109093 /* TodoItem.swift in Sources */ = {isa = PBXBuildFile; fileRef = 4FC8B1F41E9B1B1100109093 /* TodoItem.swift */; };
		4FC8B1F71E9B1E8C00109093 /* TodoAddItemViewController.swift in Sources */ = {isa = PBXBuildFile; fileRef = 4FC8B1F61E9B1E8C00109093 /* TodoAddItemViewController.swift */; };
		5B746737D24F0C7CB6868BEC /* Pods_roomy.framework in Frameworks */ = {isa = PBXBuildFile; fileRef = 37E55EEA4792D224C573647F /* Pods_roomy.framework */; };
		736DD9A71E933430008BAA2E /* Home.storyboard in Resources */ = {isa = PBXBuildFile; fileRef = 736DD9A61E933430008BAA2E /* Home.storyboard */; };
		736DD9A91E9338AF008BAA2E /* Messaging.storyboard in Resources */ = {isa = PBXBuildFile; fileRef = 736DD9A81E9338AF008BAA2E /* Messaging.storyboard */; };
		736DD9AD1E933998008BAA2E /* Profile.storyboard in Resources */ = {isa = PBXBuildFile; fileRef = 736DD9AC1E933998008BAA2E /* Profile.storyboard */; };
		736DD9AF1E940541008BAA2E /* HomeViewController.swift in Sources */ = {isa = PBXBuildFile; fileRef = 736DD9AE1E940541008BAA2E /* HomeViewController.swift */; };
		736DD9B11E9405E4008BAA2E /* TabBar.storyboard in Resources */ = {isa = PBXBuildFile; fileRef = 736DD9B01E9405E4008BAA2E /* TabBar.storyboard */; };
		73713BAA1E9994C000EF1923 /* Roomy.swift in Sources */ = {isa = PBXBuildFile; fileRef = 73713BA91E9994C000EF1923 /* Roomy.swift */; };
		73BEE3A71E9478E000353853 /* RoomyCollectionViewCell.swift in Sources */ = {isa = PBXBuildFile; fileRef = 73BEE3A61E9478E000353853 /* RoomyCollectionViewCell.swift */; };
		A513C1791E987ED000F2B5D2 /* MessagingViewController.swift in Sources */ = {isa = PBXBuildFile; fileRef = A513C1781E987ED000F2B5D2 /* MessagingViewController.swift */; };
		A513C17C1E98807600F2B5D2 /* MessageTableViewCell.swift in Sources */ = {isa = PBXBuildFile; fileRef = A513C17B1E98807600F2B5D2 /* MessageTableViewCell.swift */; };
		A51574FF1E7DB15B009F93F8 /* UserLoginViewController.swift in Sources */ = {isa = PBXBuildFile; fileRef = A51574FE1E7DB15B009F93F8 /* UserLoginViewController.swift */; };
		A51575011E7DB195009F93F8 /* UserSignUpViewController.swift in Sources */ = {isa = PBXBuildFile; fileRef = A51575001E7DB195009F93F8 /* UserSignUpViewController.swift */; };
		A51575031E7DB1A1009F93F8 /* HouseLoginViewController.swift in Sources */ = {isa = PBXBuildFile; fileRef = A51575021E7DB1A1009F93F8 /* HouseLoginViewController.swift */; };
		A51575051E7DB1AA009F93F8 /* HouseSignUpViewController.swift in Sources */ = {isa = PBXBuildFile; fileRef = A51575041E7DB1AA009F93F8 /* HouseSignUpViewController.swift */; };
		A51575071E7DB4AB009F93F8 /* HomeTimelineViewController.swift in Sources */ = {isa = PBXBuildFile; fileRef = A51575061E7DB4AB009F93F8 /* HomeTimelineViewController.swift */; };
		A569780B1E778E3200BC8378 /* AppDelegate.swift in Sources */ = {isa = PBXBuildFile; fileRef = A569780A1E778E3200BC8378 /* AppDelegate.swift */; };
		A56978101E778E3200BC8378 /* Main.storyboard in Resources */ = {isa = PBXBuildFile; fileRef = A569780E1E778E3200BC8378 /* Main.storyboard */; };
		A56978121E778E3200BC8378 /* Assets.xcassets in Resources */ = {isa = PBXBuildFile; fileRef = A56978111E778E3200BC8378 /* Assets.xcassets */; };
		A56978151E778E3200BC8378 /* LaunchScreen.storyboard in Resources */ = {isa = PBXBuildFile; fileRef = A56978131E778E3200BC8378 /* LaunchScreen.storyboard */; };
		A5800D651E7DE3C800FB35F4 /* House.swift in Sources */ = {isa = PBXBuildFile; fileRef = A5800D641E7DE3C800FB35F4 /* House.swift */; };
/* End PBXBuildFile section */

/* Begin PBXFileReference section */
		33F20C97F9F8B6C11B2AB8EC /* Pods-roomy.release.xcconfig */ = {isa = PBXFileReference; includeInIndex = 1; lastKnownFileType = text.xcconfig; name = "Pods-roomy.release.xcconfig"; path = "Pods/Target Support Files/Pods-roomy/Pods-roomy.release.xcconfig"; sourceTree = "<group>"; };
		37E55EEA4792D224C573647F /* Pods_roomy.framework */ = {isa = PBXFileReference; explicitFileType = wrapper.framework; includeInIndex = 0; path = Pods_roomy.framework; sourceTree = BUILT_PRODUCTS_DIR; };
		4F2C40091E9B160B00EBC693 /* TodoList.storyboard */ = {isa = PBXFileReference; fileEncoding = 4; lastKnownFileType = file.storyboard; path = TodoList.storyboard; sourceTree = "<group>"; };
		4F2C400B1E9B16E700EBC693 /* TodoListViewController.swift */ = {isa = PBXFileReference; fileEncoding = 4; lastKnownFileType = sourcecode.swift; path = TodoListViewController.swift; sourceTree = "<group>"; };
		4F4FB54C1E99995F003BB1B8 /* AddressValidationViewController.swift */ = {isa = PBXFileReference; fileEncoding = 4; lastKnownFileType = sourcecode.swift; path = AddressValidationViewController.swift; sourceTree = "<group>"; };
		4FC8B1F41E9B1B1100109093 /* TodoItem.swift */ = {isa = PBXFileReference; fileEncoding = 4; lastKnownFileType = sourcecode.swift; path = TodoItem.swift; sourceTree = "<group>"; };
		4FC8B1F61E9B1E8C00109093 /* TodoAddItemViewController.swift */ = {isa = PBXFileReference; fileEncoding = 4; lastKnownFileType = sourcecode.swift; path = TodoAddItemViewController.swift; sourceTree = "<group>"; };
		731F5DC41E95D2F40004277E /* America.gpx */ = {isa = PBXFileReference; lastKnownFileType = text.xml; path = America.gpx; sourceTree = "<group>"; };
		731F5DC51E95D2F40004277E /* GoesHome.gpx */ = {isa = PBXFileReference; lastKnownFileType = text.xml; path = GoesHome.gpx; sourceTree = "<group>"; };
		731F5DC61E95D2F40004277E /* LeavesHome.gpx */ = {isa = PBXFileReference; lastKnownFileType = text.xml; path = LeavesHome.gpx; sourceTree = "<group>"; };
		736DD9A61E933430008BAA2E /* Home.storyboard */ = {isa = PBXFileReference; fileEncoding = 4; lastKnownFileType = file.storyboard; path = Home.storyboard; sourceTree = "<group>"; };
		736DD9A81E9338AF008BAA2E /* Messaging.storyboard */ = {isa = PBXFileReference; fileEncoding = 4; lastKnownFileType = file.storyboard; path = Messaging.storyboard; sourceTree = "<group>"; };
		736DD9AC1E933998008BAA2E /* Profile.storyboard */ = {isa = PBXFileReference; fileEncoding = 4; lastKnownFileType = file.storyboard; path = Profile.storyboard; sourceTree = "<group>"; };
		736DD9AE1E940541008BAA2E /* HomeViewController.swift */ = {isa = PBXFileReference; fileEncoding = 4; lastKnownFileType = sourcecode.swift; path = HomeViewController.swift; sourceTree = "<group>"; };
		736DD9B01E9405E4008BAA2E /* TabBar.storyboard */ = {isa = PBXFileReference; fileEncoding = 4; lastKnownFileType = file.storyboard; path = TabBar.storyboard; sourceTree = "<group>"; };
		73713BA91E9994C000EF1923 /* Roomy.swift */ = {isa = PBXFileReference; fileEncoding = 4; lastKnownFileType = sourcecode.swift; path = Roomy.swift; sourceTree = "<group>"; };
		73BEE3A61E9478E000353853 /* RoomyCollectionViewCell.swift */ = {isa = PBXFileReference; fileEncoding = 4; lastKnownFileType = sourcecode.swift; path = RoomyCollectionViewCell.swift; sourceTree = "<group>"; };
		795B37CFD45F9F7F799C89E1 /* Pods-roomy.debug.xcconfig */ = {isa = PBXFileReference; includeInIndex = 1; lastKnownFileType = text.xcconfig; name = "Pods-roomy.debug.xcconfig"; path = "Pods/Target Support Files/Pods-roomy/Pods-roomy.debug.xcconfig"; sourceTree = "<group>"; };
		A513C1781E987ED000F2B5D2 /* MessagingViewController.swift */ = {isa = PBXFileReference; fileEncoding = 4; lastKnownFileType = sourcecode.swift; path = MessagingViewController.swift; sourceTree = "<group>"; };
		A513C17B1E98807600F2B5D2 /* MessageTableViewCell.swift */ = {isa = PBXFileReference; fileEncoding = 4; lastKnownFileType = sourcecode.swift; path = MessageTableViewCell.swift; sourceTree = "<group>"; };
		A51574FE1E7DB15B009F93F8 /* UserLoginViewController.swift */ = {isa = PBXFileReference; fileEncoding = 4; lastKnownFileType = sourcecode.swift; path = UserLoginViewController.swift; sourceTree = "<group>"; };
		A51575001E7DB195009F93F8 /* UserSignUpViewController.swift */ = {isa = PBXFileReference; fileEncoding = 4; lastKnownFileType = sourcecode.swift; path = UserSignUpViewController.swift; sourceTree = "<group>"; };
		A51575021E7DB1A1009F93F8 /* HouseLoginViewController.swift */ = {isa = PBXFileReference; fileEncoding = 4; lastKnownFileType = sourcecode.swift; path = HouseLoginViewController.swift; sourceTree = "<group>"; };
		A51575041E7DB1AA009F93F8 /* HouseSignUpViewController.swift */ = {isa = PBXFileReference; fileEncoding = 4; lastKnownFileType = sourcecode.swift; path = HouseSignUpViewController.swift; sourceTree = "<group>"; };
		A51575061E7DB4AB009F93F8 /* HomeTimelineViewController.swift */ = {isa = PBXFileReference; fileEncoding = 4; lastKnownFileType = sourcecode.swift; path = HomeTimelineViewController.swift; sourceTree = "<group>"; };
		A56978071E778E3200BC8378 /* roomy.app */ = {isa = PBXFileReference; explicitFileType = wrapper.application; includeInIndex = 0; path = roomy.app; sourceTree = BUILT_PRODUCTS_DIR; };
		A569780A1E778E3200BC8378 /* AppDelegate.swift */ = {isa = PBXFileReference; lastKnownFileType = sourcecode.swift; path = AppDelegate.swift; sourceTree = "<group>"; };
		A569780F1E778E3200BC8378 /* Base */ = {isa = PBXFileReference; lastKnownFileType = file.storyboard; name = Base; path = Base.lproj/Main.storyboard; sourceTree = "<group>"; };
		A56978111E778E3200BC8378 /* Assets.xcassets */ = {isa = PBXFileReference; lastKnownFileType = folder.assetcatalog; path = Assets.xcassets; sourceTree = "<group>"; };
		A56978141E778E3200BC8378 /* Base */ = {isa = PBXFileReference; lastKnownFileType = file.storyboard; name = Base; path = Base.lproj/LaunchScreen.storyboard; sourceTree = "<group>"; };
		A56978161E778E3200BC8378 /* Info.plist */ = {isa = PBXFileReference; lastKnownFileType = text.plist.xml; path = Info.plist; sourceTree = "<group>"; };
		A5800D641E7DE3C800FB35F4 /* House.swift */ = {isa = PBXFileReference; fileEncoding = 4; lastKnownFileType = sourcecode.swift; path = House.swift; sourceTree = "<group>"; };
/* End PBXFileReference section */

/* Begin PBXFrameworksBuildPhase section */
		A56978041E778E3200BC8378 /* Frameworks */ = {
			isa = PBXFrameworksBuildPhase;
			buildActionMask = 2147483647;
			files = (
				5B746737D24F0C7CB6868BEC /* Pods_roomy.framework in Frameworks */,
			);
			runOnlyForDeploymentPostprocessing = 0;
		};
/* End PBXFrameworksBuildPhase section */

/* Begin PBXGroup section */
		731F5DC31E95D2F40004277E /* GPS Simulations */ = {
			isa = PBXGroup;
			children = (
				731F5DC41E95D2F40004277E /* America.gpx */,
				731F5DC51E95D2F40004277E /* GoesHome.gpx */,
				731F5DC61E95D2F40004277E /* LeavesHome.gpx */,
			);
			name = "GPS Simulations";
			path = "../../GPS Simulations";
			sourceTree = "<group>";
		};
		737448851E92FE06001609B0 /* Views */ = {
			isa = PBXGroup;
			children = (
				73BEE3A61E9478E000353853 /* RoomyCollectionViewCell.swift */,
			);
			name = Views;
			sourceTree = "<group>";
		};
		73BEE3A31E946BBE00353853 /* Delegates */ = {
			isa = PBXGroup;
			children = (
				A569780A1E778E3200BC8378 /* AppDelegate.swift */,
			);
			name = Delegates;
			sourceTree = "<group>";
		};
		A2DD4AF2D4B1CFE4468A77D4 /* Pods */ = {
			isa = PBXGroup;
			children = (
				795B37CFD45F9F7F799C89E1 /* Pods-roomy.debug.xcconfig */,
				33F20C97F9F8B6C11B2AB8EC /* Pods-roomy.release.xcconfig */,
			);
			name = Pods;
			sourceTree = "<group>";
		};
		A513C17A1E98805300F2B5D2 /* Cells */ = {
			isa = PBXGroup;
			children = (
				A513C17B1E98807600F2B5D2 /* MessageTableViewCell.swift */,
			);
			name = Cells;
			sourceTree = "<group>";
		};
		A51574FD1E7DB085009F93F8 /* Storyboard */ = {
			isa = PBXGroup;
			children = (
				A569780E1E778E3200BC8378 /* Main.storyboard */,
				736DD9B01E9405E4008BAA2E /* TabBar.storyboard */,
				736DD9A61E933430008BAA2E /* Home.storyboard */,
				736DD9A81E9338AF008BAA2E /* Messaging.storyboard */,
				4F2C40091E9B160B00EBC693 /* TodoList.storyboard */,
				736DD9AC1E933998008BAA2E /* Profile.storyboard */,
			);
			name = Storyboard;
			sourceTree = "<group>";
		};
		A56977FE1E778E3200BC8378 = {
			isa = PBXGroup;
			children = (
				A56978091E778E3200BC8378 /* roomy */,
				A56978081E778E3200BC8378 /* Products */,
				A2DD4AF2D4B1CFE4468A77D4 /* Pods */,
				D03157F238AB5C7072527FBA /* Frameworks */,
			);
			sourceTree = "<group>";
		};
		A56978081E778E3200BC8378 /* Products */ = {
			isa = PBXGroup;
			children = (
				A56978071E778E3200BC8378 /* roomy.app */,
			);
			name = Products;
			sourceTree = "<group>";
		};
		A56978091E778E3200BC8378 /* roomy */ = {
			isa = PBXGroup;
			children = (
				731F5DC31E95D2F40004277E /* GPS Simulations */,
				A513C17A1E98805300F2B5D2 /* Cells */,
				737448851E92FE06001609B0 /* Views */,
				A569781D1E77910400BC8378 /* Models */,
				A569781C1E7790E200BC8378 /* View Controllers */,
				73BEE3A31E946BBE00353853 /* Delegates */,
				A51574FD1E7DB085009F93F8 /* Storyboard */,
				A56978111E778E3200BC8378 /* Assets.xcassets */,
				A56978131E778E3200BC8378 /* LaunchScreen.storyboard */,
				A56978161E778E3200BC8378 /* Info.plist */,
			);
			path = roomy;
			sourceTree = "<group>";
		};
		A569781C1E7790E200BC8378 /* View Controllers */ = {
			isa = PBXGroup;
			children = (
				A51574FE1E7DB15B009F93F8 /* UserLoginViewController.swift */,
				A51575001E7DB195009F93F8 /* UserSignUpViewController.swift */,
				A51575021E7DB1A1009F93F8 /* HouseLoginViewController.swift */,
				A51575041E7DB1AA009F93F8 /* HouseSignUpViewController.swift */,
				4F4FB54C1E99995F003BB1B8 /* AddressValidationViewController.swift */,
				A51575061E7DB4AB009F93F8 /* HomeTimelineViewController.swift */,
				736DD9AE1E940541008BAA2E /* HomeViewController.swift */,
				4F2C400B1E9B16E700EBC693 /* TodoListViewController.swift */,
				4FC8B1F61E9B1E8C00109093 /* TodoAddItemViewController.swift */,
				A513C1781E987ED000F2B5D2 /* MessagingViewController.swift */,
			);
			name = "View Controllers";
			sourceTree = "<group>";
		};
		A569781D1E77910400BC8378 /* Models */ = {
			isa = PBXGroup;
			children = (
				73713BA91E9994C000EF1923 /* Roomy.swift */,
				A5800D641E7DE3C800FB35F4 /* House.swift */,
				4FC8B1F41E9B1B1100109093 /* TodoItem.swift */,
			);
			name = Models;
			sourceTree = "<group>";
		};
		D03157F238AB5C7072527FBA /* Frameworks */ = {
			isa = PBXGroup;
			children = (
				37E55EEA4792D224C573647F /* Pods_roomy.framework */,
			);
			name = Frameworks;
			sourceTree = "<group>";
		};
/* End PBXGroup section */

/* Begin PBXNativeTarget section */
		A56978061E778E3200BC8378 /* roomy */ = {
			isa = PBXNativeTarget;
			buildConfigurationList = A56978191E778E3200BC8378 /* Build configuration list for PBXNativeTarget "roomy" */;
			buildPhases = (
				AE89D60F28561162AEAF555A /* [CP] Check Pods Manifest.lock */,
				A56978031E778E3200BC8378 /* Sources */,
				A56978041E778E3200BC8378 /* Frameworks */,
				A56978051E778E3200BC8378 /* Resources */,
				0246B42EBCA72D4056B37832 /* [CP] Embed Pods Frameworks */,
				59007EB5B9FF22488C5A5CC5 /* [CP] Copy Pods Resources */,
			);
			buildRules = (
			);
			dependencies = (
			);
			name = roomy;
			productName = roomy;
			productReference = A56978071E778E3200BC8378 /* roomy.app */;
			productType = "com.apple.product-type.application";
		};
/* End PBXNativeTarget section */

/* Begin PBXProject section */
		A56977FF1E778E3200BC8378 /* Project object */ = {
			isa = PBXProject;
			attributes = {
				LastSwiftUpdateCheck = 0820;
				LastUpgradeCheck = 0820;
				ORGANIZATIONNAME = "Poojan Dave";
				TargetAttributes = {
					A56978061E778E3200BC8378 = {
						CreatedOnToolsVersion = 8.2.1;
						DevelopmentTeam = 34WD9C788A;
						ProvisioningStyle = Automatic;
						SystemCapabilities = {
							com.apple.BackgroundModes = {
								enabled = 1;
							};
						};
					};
				};
			};
			buildConfigurationList = A56978021E778E3200BC8378 /* Build configuration list for PBXProject "roomy" */;
			compatibilityVersion = "Xcode 3.2";
			developmentRegion = English;
			hasScannedForEncodings = 0;
			knownRegions = (
				en,
				Base,
			);
			mainGroup = A56977FE1E778E3200BC8378;
			productRefGroup = A56978081E778E3200BC8378 /* Products */;
			projectDirPath = "";
			projectRoot = "";
			targets = (
				A56978061E778E3200BC8378 /* roomy */,
			);
		};
/* End PBXProject section */

/* Begin PBXResourcesBuildPhase section */
		A56978051E778E3200BC8378 /* Resources */ = {
			isa = PBXResourcesBuildPhase;
			buildActionMask = 2147483647;
			files = (
				736DD9AD1E933998008BAA2E /* Profile.storyboard in Resources */,
				A56978151E778E3200BC8378 /* LaunchScreen.storyboard in Resources */,
				A56978121E778E3200BC8378 /* Assets.xcassets in Resources */,
				A56978101E778E3200BC8378 /* Main.storyboard in Resources */,
				4F2C400A1E9B160B00EBC693 /* TodoList.storyboard in Resources */,
				736DD9A71E933430008BAA2E /* Home.storyboard in Resources */,
				736DD9B11E9405E4008BAA2E /* TabBar.storyboard in Resources */,
				736DD9A91E9338AF008BAA2E /* Messaging.storyboard in Resources */,
			);
			runOnlyForDeploymentPostprocessing = 0;
		};
/* End PBXResourcesBuildPhase section */

/* Begin PBXShellScriptBuildPhase section */
		0246B42EBCA72D4056B37832 /* [CP] Embed Pods Frameworks */ = {
			isa = PBXShellScriptBuildPhase;
			buildActionMask = 2147483647;
			files = (
			);
			inputPaths = (
			);
			name = "[CP] Embed Pods Frameworks";
			outputPaths = (
			);
			runOnlyForDeploymentPostprocessing = 0;
			shellPath = /bin/sh;
			shellScript = "\"${SRCROOT}/Pods/Target Support Files/Pods-roomy/Pods-roomy-frameworks.sh\"\n";
			showEnvVarsInLog = 0;
		};
		59007EB5B9FF22488C5A5CC5 /* [CP] Copy Pods Resources */ = {
			isa = PBXShellScriptBuildPhase;
			buildActionMask = 2147483647;
			files = (
			);
			inputPaths = (
			);
			name = "[CP] Copy Pods Resources";
			outputPaths = (
			);
			runOnlyForDeploymentPostprocessing = 0;
			shellPath = /bin/sh;
			shellScript = "\"${SRCROOT}/Pods/Target Support Files/Pods-roomy/Pods-roomy-resources.sh\"\n";
			showEnvVarsInLog = 0;
		};
		AE89D60F28561162AEAF555A /* [CP] Check Pods Manifest.lock */ = {
			isa = PBXShellScriptBuildPhase;
			buildActionMask = 2147483647;
			files = (
			);
			inputPaths = (
			);
			name = "[CP] Check Pods Manifest.lock";
			outputPaths = (
			);
			runOnlyForDeploymentPostprocessing = 0;
			shellPath = /bin/sh;
			shellScript = "diff \"${PODS_ROOT}/../Podfile.lock\" \"${PODS_ROOT}/Manifest.lock\" > /dev/null\nif [ $? != 0 ] ; then\n    # print error to STDERR\n    echo \"error: The sandbox is not in sync with the Podfile.lock. Run 'pod install' or update your CocoaPods installation.\" >&2\n    exit 1\nfi\n";
			showEnvVarsInLog = 0;
		};
/* End PBXShellScriptBuildPhase section */

/* Begin PBXSourcesBuildPhase section */
		A56978031E778E3200BC8378 /* Sources */ = {
			isa = PBXSourcesBuildPhase;
			buildActionMask = 2147483647;
			files = (
				73713BAA1E9994C000EF1923 /* Roomy.swift in Sources */,
				A5800D651E7DE3C800FB35F4 /* House.swift in Sources */,
				A51574FF1E7DB15B009F93F8 /* UserLoginViewController.swift in Sources */,
				4F4FB54D1E99995F003BB1B8 /* AddressValidationViewController.swift in Sources */,
				A51575031E7DB1A1009F93F8 /* HouseLoginViewController.swift in Sources */,
				A513C1791E987ED000F2B5D2 /* MessagingViewController.swift in Sources */,
				A513C17C1E98807600F2B5D2 /* MessageTableViewCell.swift in Sources */,
				4FC8B1F71E9B1E8C00109093 /* TodoAddItemViewController.swift in Sources */,
				736DD9AF1E940541008BAA2E /* HomeViewController.swift in Sources */,
				4F2C400C1E9B16E700EBC693 /* TodoListViewController.swift in Sources */,
				A51575011E7DB195009F93F8 /* UserSignUpViewController.swift in Sources */,
				4FC8B1F51E9B1B1100109093 /* TodoItem.swift in Sources */,
				A569780B1E778E3200BC8378 /* AppDelegate.swift in Sources */,
				73BEE3A71E9478E000353853 /* RoomyCollectionViewCell.swift in Sources */,
				A51575071E7DB4AB009F93F8 /* HomeTimelineViewController.swift in Sources */,
				A51575051E7DB1AA009F93F8 /* HouseSignUpViewController.swift in Sources */,
			);
			runOnlyForDeploymentPostprocessing = 0;
		};
/* End PBXSourcesBuildPhase section */

/* Begin PBXVariantGroup section */
		A569780E1E778E3200BC8378 /* Main.storyboard */ = {
			isa = PBXVariantGroup;
			children = (
				A569780F1E778E3200BC8378 /* Base */,
			);
			name = Main.storyboard;
			sourceTree = "<group>";
		};
		A56978131E778E3200BC8378 /* LaunchScreen.storyboard */ = {
			isa = PBXVariantGroup;
			children = (
				A56978141E778E3200BC8378 /* Base */,
			);
			name = LaunchScreen.storyboard;
			sourceTree = "<group>";
		};
/* End PBXVariantGroup section */

/* Begin XCBuildConfiguration section */
		A56978171E778E3200BC8378 /* Debug */ = {
			isa = XCBuildConfiguration;
			buildSettings = {
				ALWAYS_SEARCH_USER_PATHS = NO;
				CLANG_ANALYZER_NONNULL = YES;
				CLANG_CXX_LANGUAGE_STANDARD = "gnu++0x";
				CLANG_CXX_LIBRARY = "libc++";
				CLANG_ENABLE_MODULES = YES;
				CLANG_ENABLE_OBJC_ARC = YES;
				CLANG_WARN_BOOL_CONVERSION = YES;
				CLANG_WARN_CONSTANT_CONVERSION = YES;
				CLANG_WARN_DIRECT_OBJC_ISA_USAGE = YES_ERROR;
				CLANG_WARN_DOCUMENTATION_COMMENTS = YES;
				CLANG_WARN_EMPTY_BODY = YES;
				CLANG_WARN_ENUM_CONVERSION = YES;
				CLANG_WARN_INFINITE_RECURSION = YES;
				CLANG_WARN_INT_CONVERSION = YES;
				CLANG_WARN_OBJC_ROOT_CLASS = YES_ERROR;
				CLANG_WARN_SUSPICIOUS_MOVE = YES;
				CLANG_WARN_UNREACHABLE_CODE = YES;
				CLANG_WARN__DUPLICATE_METHOD_MATCH = YES;
				"CODE_SIGN_IDENTITY[sdk=iphoneos*]" = "iPhone Developer";
				COPY_PHASE_STRIP = NO;
				DEBUG_INFORMATION_FORMAT = dwarf;
				ENABLE_STRICT_OBJC_MSGSEND = YES;
				ENABLE_TESTABILITY = YES;
				GCC_C_LANGUAGE_STANDARD = gnu99;
				GCC_DYNAMIC_NO_PIC = NO;
				GCC_NO_COMMON_BLOCKS = YES;
				GCC_OPTIMIZATION_LEVEL = 0;
				GCC_PREPROCESSOR_DEFINITIONS = (
					"DEBUG=1",
					"$(inherited)",
				);
				GCC_WARN_64_TO_32_BIT_CONVERSION = YES;
				GCC_WARN_ABOUT_RETURN_TYPE = YES_ERROR;
				GCC_WARN_UNDECLARED_SELECTOR = YES;
				GCC_WARN_UNINITIALIZED_AUTOS = YES_AGGRESSIVE;
				GCC_WARN_UNUSED_FUNCTION = YES;
				GCC_WARN_UNUSED_VARIABLE = YES;
				IPHONEOS_DEPLOYMENT_TARGET = 10.2;
				MTL_ENABLE_DEBUG_INFO = YES;
				ONLY_ACTIVE_ARCH = YES;
				SDKROOT = iphoneos;
				SWIFT_ACTIVE_COMPILATION_CONDITIONS = DEBUG;
				SWIFT_OPTIMIZATION_LEVEL = "-Onone";
				TARGETED_DEVICE_FAMILY = "1,2";
			};
			name = Debug;
		};
		A56978181E778E3200BC8378 /* Release */ = {
			isa = XCBuildConfiguration;
			buildSettings = {
				ALWAYS_SEARCH_USER_PATHS = NO;
				CLANG_ANALYZER_NONNULL = YES;
				CLANG_CXX_LANGUAGE_STANDARD = "gnu++0x";
				CLANG_CXX_LIBRARY = "libc++";
				CLANG_ENABLE_MODULES = YES;
				CLANG_ENABLE_OBJC_ARC = YES;
				CLANG_WARN_BOOL_CONVERSION = YES;
				CLANG_WARN_CONSTANT_CONVERSION = YES;
				CLANG_WARN_DIRECT_OBJC_ISA_USAGE = YES_ERROR;
				CLANG_WARN_DOCUMENTATION_COMMENTS = YES;
				CLANG_WARN_EMPTY_BODY = YES;
				CLANG_WARN_ENUM_CONVERSION = YES;
				CLANG_WARN_INFINITE_RECURSION = YES;
				CLANG_WARN_INT_CONVERSION = YES;
				CLANG_WARN_OBJC_ROOT_CLASS = YES_ERROR;
				CLANG_WARN_SUSPICIOUS_MOVE = YES;
				CLANG_WARN_UNREACHABLE_CODE = YES;
				CLANG_WARN__DUPLICATE_METHOD_MATCH = YES;
				"CODE_SIGN_IDENTITY[sdk=iphoneos*]" = "iPhone Developer";
				COPY_PHASE_STRIP = NO;
				DEBUG_INFORMATION_FORMAT = "dwarf-with-dsym";
				ENABLE_NS_ASSERTIONS = NO;
				ENABLE_STRICT_OBJC_MSGSEND = YES;
				GCC_C_LANGUAGE_STANDARD = gnu99;
				GCC_NO_COMMON_BLOCKS = YES;
				GCC_WARN_64_TO_32_BIT_CONVERSION = YES;
				GCC_WARN_ABOUT_RETURN_TYPE = YES_ERROR;
				GCC_WARN_UNDECLARED_SELECTOR = YES;
				GCC_WARN_UNINITIALIZED_AUTOS = YES_AGGRESSIVE;
				GCC_WARN_UNUSED_FUNCTION = YES;
				GCC_WARN_UNUSED_VARIABLE = YES;
				IPHONEOS_DEPLOYMENT_TARGET = 10.2;
				MTL_ENABLE_DEBUG_INFO = NO;
				SDKROOT = iphoneos;
				SWIFT_OPTIMIZATION_LEVEL = "-Owholemodule";
				TARGETED_DEVICE_FAMILY = "1,2";
				VALIDATE_PRODUCT = YES;
			};
			name = Release;
		};
		A569781A1E778E3200BC8378 /* Debug */ = {
			isa = XCBuildConfiguration;
			baseConfigurationReference = 795B37CFD45F9F7F799C89E1 /* Pods-roomy.debug.xcconfig */;
			buildSettings = {
				ASSETCATALOG_COMPILER_APPICON_NAME = AppIcon;
				DEVELOPMENT_TEAM = 34WD9C788A;
				INFOPLIST_FILE = roomy/Info.plist;
				LD_RUNPATH_SEARCH_PATHS = "$(inherited) @executable_path/Frameworks";
				PRODUCT_BUNDLE_IDENTIFIER = RyanLiszewski.roomy;
				PRODUCT_NAME = "$(TARGET_NAME)";
				SWIFT_VERSION = 3.0;
			};
			name = Debug;
		};
		A569781B1E778E3200BC8378 /* Release */ = {
			isa = XCBuildConfiguration;
			baseConfigurationReference = 33F20C97F9F8B6C11B2AB8EC /* Pods-roomy.release.xcconfig */;
			buildSettings = {
				ASSETCATALOG_COMPILER_APPICON_NAME = AppIcon;
				DEVELOPMENT_TEAM = 34WD9C788A;
				INFOPLIST_FILE = roomy/Info.plist;
				LD_RUNPATH_SEARCH_PATHS = "$(inherited) @executable_path/Frameworks";
				PRODUCT_BUNDLE_IDENTIFIER = RyanLiszewski.roomy;
				PRODUCT_NAME = "$(TARGET_NAME)";
				SWIFT_VERSION = 3.0;
			};
			name = Release;
		};
/* End XCBuildConfiguration section */

/* Begin XCConfigurationList section */
		A56978021E778E3200BC8378 /* Build configuration list for PBXProject "roomy" */ = {
			isa = XCConfigurationList;
			buildConfigurations = (
				A56978171E778E3200BC8378 /* Debug */,
				A56978181E778E3200BC8378 /* Release */,
			);
			defaultConfigurationIsVisible = 0;
			defaultConfigurationName = Release;
		};
		A56978191E778E3200BC8378 /* Build configuration list for PBXNativeTarget "roomy" */ = {
			isa = XCConfigurationList;
			buildConfigurations = (
				A569781A1E778E3200BC8378 /* Debug */,
				A569781B1E778E3200BC8378 /* Release */,
			);
			defaultConfigurationIsVisible = 0;
			defaultConfigurationName = Release;
		};
/* End XCConfigurationList section */
	};
	rootObject = A56977FF1E778E3200BC8378 /* Project object */;
}
